
Microsoft Visual Studio Solution File, Format Version 12.00
# Visual Studio 15
VisualStudioVersion = 15.0.28307.572
MinimumVisualStudioVersion = 10.0.40219.1
Project("{2150E333-8FDC-42A3-9474-1A3956D46DE8}") = "00. Framework", "00. Framework", "{A4853600-CE79-478A-A56F-AB73846795C2}"
EndProject
Project("{2150E333-8FDC-42A3-9474-1A3956D46DE8}") = "01. BackOffice", "01. BackOffice", "{23E9601C-6C1A-4D9E-8B3B-1C9B77008577}"
EndProject
Project("{2150E333-8FDC-42A3-9474-1A3956D46DE8}") = "02. Webshop", "02. Webshop", "{817D600D-4A36-48B1-920C-EF31445C25F5}"
EndProject
Project("{2150E333-8FDC-42A3-9474-1A3956D46DE8}") = "03. OrderPicking", "03. OrderPicking", "{24CA16B8-30D7-4C3F-8BFA-99D6A84F6B64}"
EndProject
Project("{2150E333-8FDC-42A3-9474-1A3956D46DE8}") = "04. Authentication", "04. Authentication", "{446FED8B-0ED5-45C1-A5D1-E61BF61FC2D9}"
EndProject
Project("{2150E333-8FDC-42A3-9474-1A3956D46DE8}") = "99. Infrastructure", "99. Infrastructure", "{FD75601A-2667-48A7-9B4E-E5C25BAA74D1}"
EndProject
Project("{9A19103F-16F7-4668-BE54-9A1E7A4F7556}") = "Framework.Resharper", "Framework.Resharper\Framework.Resharper.csproj", "{1F3302C4-C1E7-4B30-86D8-B3F304D0A21C}"
EndProject
Project("{FAE04EC0-301F-11D3-BF4B-00C04F79EFBC}") = "BackOffice", "BackOffice\BackOffice.csproj", "{70BBC752-5D12-498D-BCD9-AFECCE9C5964}"
EndProject
Project("{9A19103F-16F7-4668-BE54-9A1E7A4F7556}") = "WebShopAngular", "WebShopAngular\WebShopAngular.csproj", "{336346E1-6F2C-4B44-A047-E39BBB3CC78F}"
EndProject
Project("{FAE04EC0-301F-11D3-BF4B-00C04F79EFBC}") = "OrderPicking.Android", "OrderPicking\OrderPicking.Android\OrderPicking.Android.csproj", "{24CE3C36-16B9-426D-AA0C-5961ECF8D88C}"
EndProject
Project("{FAE04EC0-301F-11D3-BF4B-00C04F79EFBC}") = "OrderPicking.iOS", "OrderPicking\OrderPicking.iOS\OrderPicking.iOS.csproj", "{143A85EC-2D56-4E90-B5BA-C98C3DE95411}"
EndProject
Project("{FAE04EC0-301F-11D3-BF4B-00C04F79EFBC}") = "OrderPicking.UWP", "OrderPicking\OrderPicking.UWP\OrderPicking.UWP.csproj", "{1CCEBC08-2953-4769-925C-DE4CB04DC514}"
EndProject
Project("{9A19103F-16F7-4668-BE54-9A1E7A4F7556}") = "OrderPicking.MobileAppService", "OrderPicking\OrderPicking.MobileAppService\OrderPicking.MobileAppService.csproj", "{19150B40-7500-4A34-A465-CF5126C191C5}"
EndProject
Project("{9A19103F-16F7-4668-BE54-9A1E7A4F7556}") = "OrderPicking", "OrderPicking\OrderPicking\OrderPicking.csproj", "{A839C10F-E8EA-4453-9BD8-A556A5FC0405}"
EndProject
Project("{9A19103F-16F7-4668-BE54-9A1E7A4F7556}") = "BasicAuthenticationService", "BasicAuthenticationService\BasicAuthenticationService.csproj", "{A5064ACB-C7BA-4B57-8562-35AD2BB94E6D}"
EndProject
Project("{9A19103F-16F7-4668-BE54-9A1E7A4F7556}") = "WindowsAuthenticationService", "WindowsAuthenticationService\WindowsAuthenticationService.csproj", "{B439865C-AF28-4E50-AAB8-D5F6B8D08A76}"
EndProject
Project("{FAE04EC0-301F-11D3-BF4B-00C04F79EFBC}") = "Framework.Domain", "Framework.Domain\Framework.Domain.csproj", "{346DF17D-0194-428B-8D74-89A238ABCFAA}"
EndProject
Project("{9A19103F-16F7-4668-BE54-9A1E7A4F7556}") = "Framework.Domain.UnitTests", "Framework.Domain.UnitTests\Framework.Domain.UnitTests.csproj", "{9D4013E3-482D-48BF-BC64-CC3A0C904427}"
EndProject
Project("{FAE04EC0-301F-11D3-BF4B-00C04F79EFBC}") = "SystemStubs", "SystemStubs\SystemStubs.csproj", "{1A63B143-FB41-45B2-B173-12014E74106E}"
EndProject
Project("{2150E333-8FDC-42A3-9474-1A3956D46DE8}") = "01. Domain", "01. Domain", "{7C153F15-5735-457C-B156-D44C9A8076D9}"
EndProject
Project("{2150E333-8FDC-42A3-9474-1A3956D46DE8}") = "00. Utilities", "00. Utilities", "{2BA44AED-AB33-4660-A420-107102B5DDA3}"
EndProject
Project("{2150E333-8FDC-42A3-9474-1A3956D46DE8}") = "02. UseCases", "02. UseCases", "{056709A9-EB4F-401E-BD9F-AA7E40941B48}"
EndProject
Project("{2150E333-8FDC-42A3-9474-1A3956D46DE8}") = "03. Adapters", "03. Adapters", "{9BC510A0-F579-41F4-9314-014832E51259}"
EndProject
Project("{FAE04EC0-301F-11D3-BF4B-00C04F79EFBC}") = "Framework.Adapters.NetStandard", "Framework.Adapters.NetStandard\Framework.Adapters.NetStandard.csproj", "{B575F8D6-0DE7-4A6D-97B5-56881EECFD36}"
EndProject
Project("{FAE04EC0-301F-11D3-BF4B-00C04F79EFBC}") = "Framework.Adapters.NetStandard.UnitTests", "Framework.Adapters.NetStandard.UnitTests\Framework.Adapters.NetStandard.UnitTests.csproj", "{89ACD709-690F-4B8D-8E7A-3C64ED9D9E9C}"
EndProject
Project("{FAE04EC0-301F-11D3-BF4B-00C04F79EFBC}") = "Framework.Adapters.NetCore", "Framework.Adapters.NetCore\Framework.Adapters.NetCore.csproj", "{9ADBF825-77F6-40D1-9D70-7ADBD9B8E339}"
EndProject
Project("{FAE04EC0-301F-11D3-BF4B-00C04F79EFBC}") = "Framework.Adapters.NetCore.UnitTests", "Framework.Adapters.NetCore.UnitTests\Framework.Adapters.NetCore.UnitTests.csproj", "{FAB393A2-2F6C-4AAC-BC23-6234B8799E95}"
EndProject
Project("{FAE04EC0-301F-11D3-BF4B-00C04F79EFBC}") = "Framework.Adapters.NetFull", "Framework.Adapters.NetFull\Framework.Adapters.NetFull.csproj", "{BC96C7B4-6A9F-4F71-A4B2-1BA3D3252FCE}"
EndProject
Project("{FAE04EC0-301F-11D3-BF4B-00C04F79EFBC}") = "Framework.Adapters.NetFull.UnitTests", "Framework.Adapters.NetFull.UnitTests\Framework.Adapters.NetFull.UnitTests.csproj", "{D3A669A9-25CB-420E-9D8F-3A8F33C18F9C}"
EndProject
Project("{2150E333-8FDC-42A3-9474-1A3956D46DE8}") = "00. Common", "00. Common", "{70E8503C-E87C-4591-9C59-52F192ED0901}"
EndProject
Project("{2150E333-8FDC-42A3-9474-1A3956D46DE8}") = "01. Persistence", "01. Persistence", "{E65B48F0-85B2-4072-923C-D71115E7DDF4}"
EndProject
Project("{2150E333-8FDC-42A3-9474-1A3956D46DE8}") = "02. Presentation", "02. Presentation", "{D384885E-DFD7-4C3F-BBAB-58E3BBCE4682}"
EndProject
Project("{FAE04EC0-301F-11D3-BF4B-00C04F79EFBC}") = "Framework.Adapters.Persistence.NetCore", "Framework.Adapters.Persistence.NetCore\Framework.Adapters.Persistence.NetCore.csproj", "{AE658ED0-AF10-409D-924C-981A9F068994}"
EndProject
Project("{2150E333-8FDC-42A3-9474-1A3956D46DE8}") = "00. Common", "00. Common", "{CE047D5C-1EB0-4115-8ACD-9DA87EA9EB50}"
EndProject
Project("{2150E333-8FDC-42A3-9474-1A3956D46DE8}") = "01. Database", "01. Database", "{A42EEF3E-0251-4E3C-9D11-05157E624B83}"
EndProject
Project("{2150E333-8FDC-42A3-9474-1A3956D46DE8}") = "02. FileSystem", "02. FileSystem", "{BD999E86-B235-4B88-A7CF-BC8419BBBDAD}"
EndProject
Project("{FAE04EC0-301F-11D3-BF4B-00C04F79EFBC}") = "Framework.Adapters.Persistence.NetStandard", "Framework.Adapters.Persistence.NetStandard\Framework.Adapters.Persistence.NetStandard.csproj", "{CED51429-DF34-4D32-B24D-1F0DF2A4A782}"
EndProject
Project("{FAE04EC0-301F-11D3-BF4B-00C04F79EFBC}") = "Framework.Adapters.Persistence.NetStandard.UnitTests", "Framework.Adapters.Persistence.NetStandard.UnitTests\Framework.Adapters.Persistence.NetStandard.UnitTests.csproj", "{337E00A7-86EC-4CED-A883-ECA44E88D1DB}"
EndProject
Project("{FAE04EC0-301F-11D3-BF4B-00C04F79EFBC}") = "Framework.Adapters.Persistence.NetCore.UnitTests", "Framework.Adapters.Persistence.NetCore.UnitTests\Framework.Adapters.Persistence.NetCore.UnitTests.csproj", "{6DC69336-BEF1-454D-B977-F9A164D30DB3}"
EndProject
Project("{FAE04EC0-301F-11D3-BF4B-00C04F79EFBC}") = "Framework.Adapters.Persistence.NetFull", "Framework.Adapters.Persistence.NetFull\Framework.Adapters.Persistence.NetFull.csproj", "{CA8A89C7-6B3A-4B96-97A2-BC0607D3BC38}"
EndProject
Project("{FAE04EC0-301F-11D3-BF4B-00C04F79EFBC}") = "Framework.Adapters.Persistence.NetFull.UnitTests", "Framework.Adapters.Persistence.NetFull.UnitTests\Framework.Adapters.Persistence.NetFull.UnitTests.csproj", "{D57A6C97-2044-460A-A45E-4B2219D6C54D}"
EndProject
Project("{FAE04EC0-301F-11D3-BF4B-00C04F79EFBC}") = "Framework.Adapters.Persistence.Database.NetStandard", "Framework.Adapters.Persistence.Database.NetStandard\Framework.Adapters.Persistence.Database.NetStandard.csproj", "{808ABF19-0594-4846-8A10-E46D12DFD63B}"
EndProject
Project("{FAE04EC0-301F-11D3-BF4B-00C04F79EFBC}") = "Framework.Adapters.Persistence.Database.NetStandard.UnitTests", "Framework.Adapters.Persistence.Database.NetStandard.UnitTests\Framework.Adapters.Persistence.Database.NetStandard.UnitTests.csproj", "{18DC4B86-C870-497B-967A-4976E1AE5D27}"
EndProject
Project("{FAE04EC0-301F-11D3-BF4B-00C04F79EFBC}") = "Framework.Adapters.Persistence.Database.NetCore", "Framework.Adapters.Persistence.Database.NetCore\Framework.Adapters.Persistence.Database.NetCore.csproj", "{9ADFE678-55F2-4E8F-9C72-8FC8F5270DA5}"
EndProject
Project("{FAE04EC0-301F-11D3-BF4B-00C04F79EFBC}") = "Framework.Adapters.Persistence.Database.NetCore.UnitTests", "Framework.Adapters.Persistence.Database.NetCore.UnitTests\Framework.Adapters.Persistence.Database.NetCore.UnitTests.csproj", "{5E0C6EDA-FBDF-412E-97C0-7060EAEEC6DB}"
EndProject
Project("{FAE04EC0-301F-11D3-BF4B-00C04F79EFBC}") = "Framework.Adapters.Persistence.Database.NetFull", "Framework.Adapters.Persistence.Database.NetFull\Framework.Adapters.Persistence.Database.NetFull.csproj", "{9F48267E-76F5-4BBA-9C9C-70822E0BFA44}"
EndProject
Project("{FAE04EC0-301F-11D3-BF4B-00C04F79EFBC}") = "Framework.Adapters.Persistence.Database.NetFull.UnitTests", "Framework.Adapters.Persistence.Database.NetFull.UnitTests\Framework.Adapters.Persistence.Database.NetFull.UnitTests.csproj", "{8C085ECB-A123-4A12-9F48-B77463E0FCC5}"
EndProject
Project("{2150E333-8FDC-42A3-9474-1A3956D46DE8}") = "00. Common", "00. Common", "{3A504490-6C26-4316-8394-8623A7A47F9B}"
EndProject
Project("{2150E333-8FDC-42A3-9474-1A3956D46DE8}") = "01. EntityFramework", "01. EntityFramework", "{64BE5F94-7347-4B66-9EE6-AB14ECD4CA5D}"
EndProject
Project("{FAE04EC0-301F-11D3-BF4B-00C04F79EFBC}") = "Framework.Adapters.EntityFrameworkCore.UnitTests", "Framework.Adapters.EntityFrameworkCore.UnitTests\Framework.Adapters.EntityFrameworkCore.UnitTests.csproj", "{381D7DF2-BA02-414E-B463-16E1F2D273BA}"
EndProject
Project("{FAE04EC0-301F-11D3-BF4B-00C04F79EFBC}") = "Framework.Adapters.EntityFrameworkCore", "Framework.Adapters.EntityFrameworkCore\Framework.Adapters.EntityFrameworkCore.csproj", "{71980E6A-D662-4183-920F-3AA6DF7B9FE0}"
EndProject
Project("{FAE04EC0-301F-11D3-BF4B-00C04F79EFBC}") = "Framework.Adapters.EntityFramework", "Framework.Adapters.EntityFramework\Framework.Adapters.EntityFramework.csproj", "{03E60910-3086-4D68-A8DE-1BA2B0CFF645}"
EndProject
Project("{FAE04EC0-301F-11D3-BF4B-00C04F79EFBC}") = "Framework.Adapters.EntityFramework.UnitTests", "Framework.Adapters.EntityFramework.UnitTests\Framework.Adapters.EntityFramework.UnitTests.csproj", "{C4FB4AB6-8FFC-4DE8-9BF7-47DA0F44AC37}"
EndProject
Global
	GlobalSection(SolutionConfigurationPlatforms) = preSolution
		Debug|Any CPU = Debug|Any CPU
		Debug|ARM = Debug|ARM
		Debug|iPhone = Debug|iPhone
		Debug|iPhoneSimulator = Debug|iPhoneSimulator
		Debug|x64 = Debug|x64
		Debug|x86 = Debug|x86
		Release|Any CPU = Release|Any CPU
		Release|ARM = Release|ARM
		Release|iPhone = Release|iPhone
		Release|iPhoneSimulator = Release|iPhoneSimulator
		Release|x64 = Release|x64
		Release|x86 = Release|x86
	EndGlobalSection
	GlobalSection(ProjectConfigurationPlatforms) = postSolution
		{1F3302C4-C1E7-4B30-86D8-B3F304D0A21C}.Debug|Any CPU.ActiveCfg = Debug|Any CPU
		{1F3302C4-C1E7-4B30-86D8-B3F304D0A21C}.Debug|Any CPU.Build.0 = Debug|Any CPU
		{1F3302C4-C1E7-4B30-86D8-B3F304D0A21C}.Debug|ARM.ActiveCfg = Debug|Any CPU
		{1F3302C4-C1E7-4B30-86D8-B3F304D0A21C}.Debug|ARM.Build.0 = Debug|Any CPU
		{1F3302C4-C1E7-4B30-86D8-B3F304D0A21C}.Debug|iPhone.ActiveCfg = Debug|Any CPU
		{1F3302C4-C1E7-4B30-86D8-B3F304D0A21C}.Debug|iPhone.Build.0 = Debug|Any CPU
		{1F3302C4-C1E7-4B30-86D8-B3F304D0A21C}.Debug|iPhoneSimulator.ActiveCfg = Debug|Any CPU
		{1F3302C4-C1E7-4B30-86D8-B3F304D0A21C}.Debug|iPhoneSimulator.Build.0 = Debug|Any CPU
		{1F3302C4-C1E7-4B30-86D8-B3F304D0A21C}.Debug|x64.ActiveCfg = Debug|Any CPU
		{1F3302C4-C1E7-4B30-86D8-B3F304D0A21C}.Debug|x64.Build.0 = Debug|Any CPU
		{1F3302C4-C1E7-4B30-86D8-B3F304D0A21C}.Debug|x86.ActiveCfg = Debug|Any CPU
		{1F3302C4-C1E7-4B30-86D8-B3F304D0A21C}.Debug|x86.Build.0 = Debug|Any CPU
		{1F3302C4-C1E7-4B30-86D8-B3F304D0A21C}.Release|Any CPU.ActiveCfg = Release|Any CPU
		{1F3302C4-C1E7-4B30-86D8-B3F304D0A21C}.Release|Any CPU.Build.0 = Release|Any CPU
		{1F3302C4-C1E7-4B30-86D8-B3F304D0A21C}.Release|ARM.ActiveCfg = Release|Any CPU
		{1F3302C4-C1E7-4B30-86D8-B3F304D0A21C}.Release|ARM.Build.0 = Release|Any CPU
		{1F3302C4-C1E7-4B30-86D8-B3F304D0A21C}.Release|iPhone.ActiveCfg = Release|Any CPU
		{1F3302C4-C1E7-4B30-86D8-B3F304D0A21C}.Release|iPhone.Build.0 = Release|Any CPU
		{1F3302C4-C1E7-4B30-86D8-B3F304D0A21C}.Release|iPhoneSimulator.ActiveCfg = Release|Any CPU
		{1F3302C4-C1E7-4B30-86D8-B3F304D0A21C}.Release|iPhoneSimulator.Build.0 = Release|Any CPU
		{1F3302C4-C1E7-4B30-86D8-B3F304D0A21C}.Release|x64.ActiveCfg = Release|Any CPU
		{1F3302C4-C1E7-4B30-86D8-B3F304D0A21C}.Release|x64.Build.0 = Release|Any CPU
		{1F3302C4-C1E7-4B30-86D8-B3F304D0A21C}.Release|x86.ActiveCfg = Release|Any CPU
		{1F3302C4-C1E7-4B30-86D8-B3F304D0A21C}.Release|x86.Build.0 = Release|Any CPU
		{70BBC752-5D12-498D-BCD9-AFECCE9C5964}.Debug|Any CPU.ActiveCfg = Debug|Any CPU
		{70BBC752-5D12-498D-BCD9-AFECCE9C5964}.Debug|Any CPU.Build.0 = Debug|Any CPU
		{70BBC752-5D12-498D-BCD9-AFECCE9C5964}.Debug|ARM.ActiveCfg = Debug|Any CPU
		{70BBC752-5D12-498D-BCD9-AFECCE9C5964}.Debug|ARM.Build.0 = Debug|Any CPU
		{70BBC752-5D12-498D-BCD9-AFECCE9C5964}.Debug|iPhone.ActiveCfg = Debug|Any CPU
		{70BBC752-5D12-498D-BCD9-AFECCE9C5964}.Debug|iPhone.Build.0 = Debug|Any CPU
		{70BBC752-5D12-498D-BCD9-AFECCE9C5964}.Debug|iPhoneSimulator.ActiveCfg = Debug|Any CPU
		{70BBC752-5D12-498D-BCD9-AFECCE9C5964}.Debug|iPhoneSimulator.Build.0 = Debug|Any CPU
		{70BBC752-5D12-498D-BCD9-AFECCE9C5964}.Debug|x64.ActiveCfg = Debug|Any CPU
		{70BBC752-5D12-498D-BCD9-AFECCE9C5964}.Debug|x64.Build.0 = Debug|Any CPU
		{70BBC752-5D12-498D-BCD9-AFECCE9C5964}.Debug|x86.ActiveCfg = Debug|Any CPU
		{70BBC752-5D12-498D-BCD9-AFECCE9C5964}.Debug|x86.Build.0 = Debug|Any CPU
		{70BBC752-5D12-498D-BCD9-AFECCE9C5964}.Release|Any CPU.ActiveCfg = Release|Any CPU
		{70BBC752-5D12-498D-BCD9-AFECCE9C5964}.Release|Any CPU.Build.0 = Release|Any CPU
		{70BBC752-5D12-498D-BCD9-AFECCE9C5964}.Release|ARM.ActiveCfg = Release|Any CPU
		{70BBC752-5D12-498D-BCD9-AFECCE9C5964}.Release|ARM.Build.0 = Release|Any CPU
		{70BBC752-5D12-498D-BCD9-AFECCE9C5964}.Release|iPhone.ActiveCfg = Release|Any CPU
		{70BBC752-5D12-498D-BCD9-AFECCE9C5964}.Release|iPhone.Build.0 = Release|Any CPU
		{70BBC752-5D12-498D-BCD9-AFECCE9C5964}.Release|iPhoneSimulator.ActiveCfg = Release|Any CPU
		{70BBC752-5D12-498D-BCD9-AFECCE9C5964}.Release|iPhoneSimulator.Build.0 = Release|Any CPU
		{70BBC752-5D12-498D-BCD9-AFECCE9C5964}.Release|x64.ActiveCfg = Release|Any CPU
		{70BBC752-5D12-498D-BCD9-AFECCE9C5964}.Release|x64.Build.0 = Release|Any CPU
		{70BBC752-5D12-498D-BCD9-AFECCE9C5964}.Release|x86.ActiveCfg = Release|Any CPU
		{70BBC752-5D12-498D-BCD9-AFECCE9C5964}.Release|x86.Build.0 = Release|Any CPU
		{336346E1-6F2C-4B44-A047-E39BBB3CC78F}.Debug|Any CPU.ActiveCfg = Debug|Any CPU
		{336346E1-6F2C-4B44-A047-E39BBB3CC78F}.Debug|Any CPU.Build.0 = Debug|Any CPU
		{336346E1-6F2C-4B44-A047-E39BBB3CC78F}.Debug|ARM.ActiveCfg = Debug|Any CPU
		{336346E1-6F2C-4B44-A047-E39BBB3CC78F}.Debug|ARM.Build.0 = Debug|Any CPU
		{336346E1-6F2C-4B44-A047-E39BBB3CC78F}.Debug|iPhone.ActiveCfg = Debug|Any CPU
		{336346E1-6F2C-4B44-A047-E39BBB3CC78F}.Debug|iPhone.Build.0 = Debug|Any CPU
		{336346E1-6F2C-4B44-A047-E39BBB3CC78F}.Debug|iPhoneSimulator.ActiveCfg = Debug|Any CPU
		{336346E1-6F2C-4B44-A047-E39BBB3CC78F}.Debug|iPhoneSimulator.Build.0 = Debug|Any CPU
		{336346E1-6F2C-4B44-A047-E39BBB3CC78F}.Debug|x64.ActiveCfg = Debug|Any CPU
		{336346E1-6F2C-4B44-A047-E39BBB3CC78F}.Debug|x64.Build.0 = Debug|Any CPU
		{336346E1-6F2C-4B44-A047-E39BBB3CC78F}.Debug|x86.ActiveCfg = Debug|Any CPU
		{336346E1-6F2C-4B44-A047-E39BBB3CC78F}.Debug|x86.Build.0 = Debug|Any CPU
		{336346E1-6F2C-4B44-A047-E39BBB3CC78F}.Release|Any CPU.ActiveCfg = Release|Any CPU
		{336346E1-6F2C-4B44-A047-E39BBB3CC78F}.Release|Any CPU.Build.0 = Release|Any CPU
		{336346E1-6F2C-4B44-A047-E39BBB3CC78F}.Release|ARM.ActiveCfg = Release|Any CPU
		{336346E1-6F2C-4B44-A047-E39BBB3CC78F}.Release|ARM.Build.0 = Release|Any CPU
		{336346E1-6F2C-4B44-A047-E39BBB3CC78F}.Release|iPhone.ActiveCfg = Release|Any CPU
		{336346E1-6F2C-4B44-A047-E39BBB3CC78F}.Release|iPhone.Build.0 = Release|Any CPU
		{336346E1-6F2C-4B44-A047-E39BBB3CC78F}.Release|iPhoneSimulator.ActiveCfg = Release|Any CPU
		{336346E1-6F2C-4B44-A047-E39BBB3CC78F}.Release|iPhoneSimulator.Build.0 = Release|Any CPU
		{336346E1-6F2C-4B44-A047-E39BBB3CC78F}.Release|x64.ActiveCfg = Release|Any CPU
		{336346E1-6F2C-4B44-A047-E39BBB3CC78F}.Release|x64.Build.0 = Release|Any CPU
		{336346E1-6F2C-4B44-A047-E39BBB3CC78F}.Release|x86.ActiveCfg = Release|Any CPU
		{336346E1-6F2C-4B44-A047-E39BBB3CC78F}.Release|x86.Build.0 = Release|Any CPU
		{24CE3C36-16B9-426D-AA0C-5961ECF8D88C}.Debug|Any CPU.ActiveCfg = Debug|Any CPU
		{24CE3C36-16B9-426D-AA0C-5961ECF8D88C}.Debug|Any CPU.Build.0 = Debug|Any CPU
		{24CE3C36-16B9-426D-AA0C-5961ECF8D88C}.Debug|Any CPU.Deploy.0 = Debug|Any CPU
		{24CE3C36-16B9-426D-AA0C-5961ECF8D88C}.Debug|ARM.ActiveCfg = Debug|Any CPU
		{24CE3C36-16B9-426D-AA0C-5961ECF8D88C}.Debug|ARM.Build.0 = Debug|Any CPU
		{24CE3C36-16B9-426D-AA0C-5961ECF8D88C}.Debug|ARM.Deploy.0 = Debug|Any CPU
		{24CE3C36-16B9-426D-AA0C-5961ECF8D88C}.Debug|iPhone.ActiveCfg = Debug|Any CPU
		{24CE3C36-16B9-426D-AA0C-5961ECF8D88C}.Debug|iPhone.Build.0 = Debug|Any CPU
		{24CE3C36-16B9-426D-AA0C-5961ECF8D88C}.Debug|iPhone.Deploy.0 = Debug|Any CPU
		{24CE3C36-16B9-426D-AA0C-5961ECF8D88C}.Debug|iPhoneSimulator.ActiveCfg = Debug|Any CPU
		{24CE3C36-16B9-426D-AA0C-5961ECF8D88C}.Debug|iPhoneSimulator.Build.0 = Debug|Any CPU
		{24CE3C36-16B9-426D-AA0C-5961ECF8D88C}.Debug|iPhoneSimulator.Deploy.0 = Debug|Any CPU
		{24CE3C36-16B9-426D-AA0C-5961ECF8D88C}.Debug|x64.ActiveCfg = Debug|Any CPU
		{24CE3C36-16B9-426D-AA0C-5961ECF8D88C}.Debug|x64.Build.0 = Debug|Any CPU
		{24CE3C36-16B9-426D-AA0C-5961ECF8D88C}.Debug|x64.Deploy.0 = Debug|Any CPU
		{24CE3C36-16B9-426D-AA0C-5961ECF8D88C}.Debug|x86.ActiveCfg = Debug|Any CPU
		{24CE3C36-16B9-426D-AA0C-5961ECF8D88C}.Debug|x86.Build.0 = Debug|Any CPU
		{24CE3C36-16B9-426D-AA0C-5961ECF8D88C}.Debug|x86.Deploy.0 = Debug|Any CPU
		{24CE3C36-16B9-426D-AA0C-5961ECF8D88C}.Release|Any CPU.ActiveCfg = Release|Any CPU
		{24CE3C36-16B9-426D-AA0C-5961ECF8D88C}.Release|Any CPU.Build.0 = Release|Any CPU
		{24CE3C36-16B9-426D-AA0C-5961ECF8D88C}.Release|Any CPU.Deploy.0 = Release|Any CPU
		{24CE3C36-16B9-426D-AA0C-5961ECF8D88C}.Release|ARM.ActiveCfg = Release|Any CPU
		{24CE3C36-16B9-426D-AA0C-5961ECF8D88C}.Release|ARM.Build.0 = Release|Any CPU
		{24CE3C36-16B9-426D-AA0C-5961ECF8D88C}.Release|ARM.Deploy.0 = Release|Any CPU
		{24CE3C36-16B9-426D-AA0C-5961ECF8D88C}.Release|iPhone.ActiveCfg = Release|Any CPU
		{24CE3C36-16B9-426D-AA0C-5961ECF8D88C}.Release|iPhone.Build.0 = Release|Any CPU
		{24CE3C36-16B9-426D-AA0C-5961ECF8D88C}.Release|iPhone.Deploy.0 = Release|Any CPU
		{24CE3C36-16B9-426D-AA0C-5961ECF8D88C}.Release|iPhoneSimulator.ActiveCfg = Release|Any CPU
		{24CE3C36-16B9-426D-AA0C-5961ECF8D88C}.Release|iPhoneSimulator.Build.0 = Release|Any CPU
		{24CE3C36-16B9-426D-AA0C-5961ECF8D88C}.Release|iPhoneSimulator.Deploy.0 = Release|Any CPU
		{24CE3C36-16B9-426D-AA0C-5961ECF8D88C}.Release|x64.ActiveCfg = Release|Any CPU
		{24CE3C36-16B9-426D-AA0C-5961ECF8D88C}.Release|x64.Build.0 = Release|Any CPU
		{24CE3C36-16B9-426D-AA0C-5961ECF8D88C}.Release|x64.Deploy.0 = Release|Any CPU
		{24CE3C36-16B9-426D-AA0C-5961ECF8D88C}.Release|x86.ActiveCfg = Release|Any CPU
		{24CE3C36-16B9-426D-AA0C-5961ECF8D88C}.Release|x86.Build.0 = Release|Any CPU
		{24CE3C36-16B9-426D-AA0C-5961ECF8D88C}.Release|x86.Deploy.0 = Release|Any CPU
		{143A85EC-2D56-4E90-B5BA-C98C3DE95411}.Debug|Any CPU.ActiveCfg = Debug|iPhone
		{143A85EC-2D56-4E90-B5BA-C98C3DE95411}.Debug|ARM.ActiveCfg = Debug|iPhone
		{143A85EC-2D56-4E90-B5BA-C98C3DE95411}.Debug|iPhone.ActiveCfg = Debug|iPhone
		{143A85EC-2D56-4E90-B5BA-C98C3DE95411}.Debug|iPhone.Build.0 = Debug|iPhone
		{143A85EC-2D56-4E90-B5BA-C98C3DE95411}.Debug|iPhoneSimulator.ActiveCfg = Debug|iPhoneSimulator
		{143A85EC-2D56-4E90-B5BA-C98C3DE95411}.Debug|iPhoneSimulator.Build.0 = Debug|iPhoneSimulator
		{143A85EC-2D56-4E90-B5BA-C98C3DE95411}.Debug|x64.ActiveCfg = Debug|iPhone
		{143A85EC-2D56-4E90-B5BA-C98C3DE95411}.Debug|x86.ActiveCfg = Debug|iPhone
		{143A85EC-2D56-4E90-B5BA-C98C3DE95411}.Release|Any CPU.ActiveCfg = Release|iPhone
		{143A85EC-2D56-4E90-B5BA-C98C3DE95411}.Release|ARM.ActiveCfg = Release|iPhone
		{143A85EC-2D56-4E90-B5BA-C98C3DE95411}.Release|iPhone.ActiveCfg = Release|iPhone
		{143A85EC-2D56-4E90-B5BA-C98C3DE95411}.Release|iPhone.Build.0 = Release|iPhone
		{143A85EC-2D56-4E90-B5BA-C98C3DE95411}.Release|iPhoneSimulator.ActiveCfg = Release|iPhoneSimulator
		{143A85EC-2D56-4E90-B5BA-C98C3DE95411}.Release|iPhoneSimulator.Build.0 = Release|iPhoneSimulator
		{143A85EC-2D56-4E90-B5BA-C98C3DE95411}.Release|x64.ActiveCfg = Release|iPhone
		{143A85EC-2D56-4E90-B5BA-C98C3DE95411}.Release|x86.ActiveCfg = Release|iPhone
		{1CCEBC08-2953-4769-925C-DE4CB04DC514}.Debug|Any CPU.ActiveCfg = Debug|x86
		{1CCEBC08-2953-4769-925C-DE4CB04DC514}.Debug|ARM.ActiveCfg = Debug|ARM
		{1CCEBC08-2953-4769-925C-DE4CB04DC514}.Debug|ARM.Build.0 = Debug|ARM
		{1CCEBC08-2953-4769-925C-DE4CB04DC514}.Debug|ARM.Deploy.0 = Debug|ARM
		{1CCEBC08-2953-4769-925C-DE4CB04DC514}.Debug|iPhone.ActiveCfg = Debug|x86
		{1CCEBC08-2953-4769-925C-DE4CB04DC514}.Debug|iPhoneSimulator.ActiveCfg = Debug|x86
		{1CCEBC08-2953-4769-925C-DE4CB04DC514}.Debug|x64.ActiveCfg = Debug|x64
		{1CCEBC08-2953-4769-925C-DE4CB04DC514}.Debug|x64.Build.0 = Debug|x64
		{1CCEBC08-2953-4769-925C-DE4CB04DC514}.Debug|x64.Deploy.0 = Debug|x64
		{1CCEBC08-2953-4769-925C-DE4CB04DC514}.Debug|x86.ActiveCfg = Debug|x86
		{1CCEBC08-2953-4769-925C-DE4CB04DC514}.Debug|x86.Build.0 = Debug|x86
		{1CCEBC08-2953-4769-925C-DE4CB04DC514}.Debug|x86.Deploy.0 = Debug|x86
		{1CCEBC08-2953-4769-925C-DE4CB04DC514}.Release|Any CPU.ActiveCfg = Release|x86
		{1CCEBC08-2953-4769-925C-DE4CB04DC514}.Release|ARM.ActiveCfg = Release|ARM
		{1CCEBC08-2953-4769-925C-DE4CB04DC514}.Release|ARM.Build.0 = Release|ARM
		{1CCEBC08-2953-4769-925C-DE4CB04DC514}.Release|ARM.Deploy.0 = Release|ARM
		{1CCEBC08-2953-4769-925C-DE4CB04DC514}.Release|iPhone.ActiveCfg = Release|x86
		{1CCEBC08-2953-4769-925C-DE4CB04DC514}.Release|iPhoneSimulator.ActiveCfg = Release|x86
		{1CCEBC08-2953-4769-925C-DE4CB04DC514}.Release|x64.ActiveCfg = Release|x64
		{1CCEBC08-2953-4769-925C-DE4CB04DC514}.Release|x64.Build.0 = Release|x64
		{1CCEBC08-2953-4769-925C-DE4CB04DC514}.Release|x64.Deploy.0 = Release|x64
		{1CCEBC08-2953-4769-925C-DE4CB04DC514}.Release|x86.ActiveCfg = Release|x86
		{1CCEBC08-2953-4769-925C-DE4CB04DC514}.Release|x86.Build.0 = Release|x86
		{1CCEBC08-2953-4769-925C-DE4CB04DC514}.Release|x86.Deploy.0 = Release|x86
		{19150B40-7500-4A34-A465-CF5126C191C5}.Debug|Any CPU.ActiveCfg = Debug|Any CPU
		{19150B40-7500-4A34-A465-CF5126C191C5}.Debug|Any CPU.Build.0 = Debug|Any CPU
		{19150B40-7500-4A34-A465-CF5126C191C5}.Debug|ARM.ActiveCfg = Debug|Any CPU
		{19150B40-7500-4A34-A465-CF5126C191C5}.Debug|ARM.Build.0 = Debug|Any CPU
		{19150B40-7500-4A34-A465-CF5126C191C5}.Debug|iPhone.ActiveCfg = Debug|Any CPU
		{19150B40-7500-4A34-A465-CF5126C191C5}.Debug|iPhone.Build.0 = Debug|Any CPU
		{19150B40-7500-4A34-A465-CF5126C191C5}.Debug|iPhoneSimulator.ActiveCfg = Debug|Any CPU
		{19150B40-7500-4A34-A465-CF5126C191C5}.Debug|iPhoneSimulator.Build.0 = Debug|Any CPU
		{19150B40-7500-4A34-A465-CF5126C191C5}.Debug|x64.ActiveCfg = Debug|Any CPU
		{19150B40-7500-4A34-A465-CF5126C191C5}.Debug|x64.Build.0 = Debug|Any CPU
		{19150B40-7500-4A34-A465-CF5126C191C5}.Debug|x86.ActiveCfg = Debug|Any CPU
		{19150B40-7500-4A34-A465-CF5126C191C5}.Debug|x86.Build.0 = Debug|Any CPU
		{19150B40-7500-4A34-A465-CF5126C191C5}.Release|Any CPU.ActiveCfg = Release|Any CPU
		{19150B40-7500-4A34-A465-CF5126C191C5}.Release|Any CPU.Build.0 = Release|Any CPU
		{19150B40-7500-4A34-A465-CF5126C191C5}.Release|ARM.ActiveCfg = Release|Any CPU
		{19150B40-7500-4A34-A465-CF5126C191C5}.Release|ARM.Build.0 = Release|Any CPU
		{19150B40-7500-4A34-A465-CF5126C191C5}.Release|iPhone.ActiveCfg = Release|Any CPU
		{19150B40-7500-4A34-A465-CF5126C191C5}.Release|iPhone.Build.0 = Release|Any CPU
		{19150B40-7500-4A34-A465-CF5126C191C5}.Release|iPhoneSimulator.ActiveCfg = Release|Any CPU
		{19150B40-7500-4A34-A465-CF5126C191C5}.Release|iPhoneSimulator.Build.0 = Release|Any CPU
		{19150B40-7500-4A34-A465-CF5126C191C5}.Release|x64.ActiveCfg = Release|Any CPU
		{19150B40-7500-4A34-A465-CF5126C191C5}.Release|x64.Build.0 = Release|Any CPU
		{19150B40-7500-4A34-A465-CF5126C191C5}.Release|x86.ActiveCfg = Release|Any CPU
		{19150B40-7500-4A34-A465-CF5126C191C5}.Release|x86.Build.0 = Release|Any CPU
		{A839C10F-E8EA-4453-9BD8-A556A5FC0405}.Debug|Any CPU.ActiveCfg = Debug|Any CPU
		{A839C10F-E8EA-4453-9BD8-A556A5FC0405}.Debug|Any CPU.Build.0 = Debug|Any CPU
		{A839C10F-E8EA-4453-9BD8-A556A5FC0405}.Debug|ARM.ActiveCfg = Debug|Any CPU
		{A839C10F-E8EA-4453-9BD8-A556A5FC0405}.Debug|ARM.Build.0 = Debug|Any CPU
		{A839C10F-E8EA-4453-9BD8-A556A5FC0405}.Debug|iPhone.ActiveCfg = Debug|Any CPU
		{A839C10F-E8EA-4453-9BD8-A556A5FC0405}.Debug|iPhone.Build.0 = Debug|Any CPU
		{A839C10F-E8EA-4453-9BD8-A556A5FC0405}.Debug|iPhoneSimulator.ActiveCfg = Debug|Any CPU
		{A839C10F-E8EA-4453-9BD8-A556A5FC0405}.Debug|iPhoneSimulator.Build.0 = Debug|Any CPU
		{A839C10F-E8EA-4453-9BD8-A556A5FC0405}.Debug|x64.ActiveCfg = Debug|Any CPU
		{A839C10F-E8EA-4453-9BD8-A556A5FC0405}.Debug|x64.Build.0 = Debug|Any CPU
		{A839C10F-E8EA-4453-9BD8-A556A5FC0405}.Debug|x86.ActiveCfg = Debug|Any CPU
		{A839C10F-E8EA-4453-9BD8-A556A5FC0405}.Debug|x86.Build.0 = Debug|Any CPU
		{A839C10F-E8EA-4453-9BD8-A556A5FC0405}.Release|Any CPU.ActiveCfg = Release|Any CPU
		{A839C10F-E8EA-4453-9BD8-A556A5FC0405}.Release|Any CPU.Build.0 = Release|Any CPU
		{A839C10F-E8EA-4453-9BD8-A556A5FC0405}.Release|ARM.ActiveCfg = Release|Any CPU
		{A839C10F-E8EA-4453-9BD8-A556A5FC0405}.Release|ARM.Build.0 = Release|Any CPU
		{A839C10F-E8EA-4453-9BD8-A556A5FC0405}.Release|iPhone.ActiveCfg = Release|Any CPU
		{A839C10F-E8EA-4453-9BD8-A556A5FC0405}.Release|iPhone.Build.0 = Release|Any CPU
		{A839C10F-E8EA-4453-9BD8-A556A5FC0405}.Release|iPhoneSimulator.ActiveCfg = Release|Any CPU
		{A839C10F-E8EA-4453-9BD8-A556A5FC0405}.Release|iPhoneSimulator.Build.0 = Release|Any CPU
		{A839C10F-E8EA-4453-9BD8-A556A5FC0405}.Release|x64.ActiveCfg = Release|Any CPU
		{A839C10F-E8EA-4453-9BD8-A556A5FC0405}.Release|x64.Build.0 = Release|Any CPU
		{A839C10F-E8EA-4453-9BD8-A556A5FC0405}.Release|x86.ActiveCfg = Release|Any CPU
		{A839C10F-E8EA-4453-9BD8-A556A5FC0405}.Release|x86.Build.0 = Release|Any CPU
		{A5064ACB-C7BA-4B57-8562-35AD2BB94E6D}.Debug|Any CPU.ActiveCfg = Debug|Any CPU
		{A5064ACB-C7BA-4B57-8562-35AD2BB94E6D}.Debug|Any CPU.Build.0 = Debug|Any CPU
		{A5064ACB-C7BA-4B57-8562-35AD2BB94E6D}.Debug|ARM.ActiveCfg = Debug|Any CPU
		{A5064ACB-C7BA-4B57-8562-35AD2BB94E6D}.Debug|ARM.Build.0 = Debug|Any CPU
		{A5064ACB-C7BA-4B57-8562-35AD2BB94E6D}.Debug|iPhone.ActiveCfg = Debug|Any CPU
		{A5064ACB-C7BA-4B57-8562-35AD2BB94E6D}.Debug|iPhone.Build.0 = Debug|Any CPU
		{A5064ACB-C7BA-4B57-8562-35AD2BB94E6D}.Debug|iPhoneSimulator.ActiveCfg = Debug|Any CPU
		{A5064ACB-C7BA-4B57-8562-35AD2BB94E6D}.Debug|iPhoneSimulator.Build.0 = Debug|Any CPU
		{A5064ACB-C7BA-4B57-8562-35AD2BB94E6D}.Debug|x64.ActiveCfg = Debug|Any CPU
		{A5064ACB-C7BA-4B57-8562-35AD2BB94E6D}.Debug|x64.Build.0 = Debug|Any CPU
		{A5064ACB-C7BA-4B57-8562-35AD2BB94E6D}.Debug|x86.ActiveCfg = Debug|Any CPU
		{A5064ACB-C7BA-4B57-8562-35AD2BB94E6D}.Debug|x86.Build.0 = Debug|Any CPU
		{A5064ACB-C7BA-4B57-8562-35AD2BB94E6D}.Release|Any CPU.ActiveCfg = Release|Any CPU
		{A5064ACB-C7BA-4B57-8562-35AD2BB94E6D}.Release|Any CPU.Build.0 = Release|Any CPU
		{A5064ACB-C7BA-4B57-8562-35AD2BB94E6D}.Release|ARM.ActiveCfg = Release|Any CPU
		{A5064ACB-C7BA-4B57-8562-35AD2BB94E6D}.Release|ARM.Build.0 = Release|Any CPU
		{A5064ACB-C7BA-4B57-8562-35AD2BB94E6D}.Release|iPhone.ActiveCfg = Release|Any CPU
		{A5064ACB-C7BA-4B57-8562-35AD2BB94E6D}.Release|iPhone.Build.0 = Release|Any CPU
		{A5064ACB-C7BA-4B57-8562-35AD2BB94E6D}.Release|iPhoneSimulator.ActiveCfg = Release|Any CPU
		{A5064ACB-C7BA-4B57-8562-35AD2BB94E6D}.Release|iPhoneSimulator.Build.0 = Release|Any CPU
		{A5064ACB-C7BA-4B57-8562-35AD2BB94E6D}.Release|x64.ActiveCfg = Release|Any CPU
		{A5064ACB-C7BA-4B57-8562-35AD2BB94E6D}.Release|x64.Build.0 = Release|Any CPU
		{A5064ACB-C7BA-4B57-8562-35AD2BB94E6D}.Release|x86.ActiveCfg = Release|Any CPU
		{A5064ACB-C7BA-4B57-8562-35AD2BB94E6D}.Release|x86.Build.0 = Release|Any CPU
		{B439865C-AF28-4E50-AAB8-D5F6B8D08A76}.Debug|Any CPU.ActiveCfg = Debug|Any CPU
		{B439865C-AF28-4E50-AAB8-D5F6B8D08A76}.Debug|Any CPU.Build.0 = Debug|Any CPU
		{B439865C-AF28-4E50-AAB8-D5F6B8D08A76}.Debug|ARM.ActiveCfg = Debug|Any CPU
		{B439865C-AF28-4E50-AAB8-D5F6B8D08A76}.Debug|ARM.Build.0 = Debug|Any CPU
		{B439865C-AF28-4E50-AAB8-D5F6B8D08A76}.Debug|iPhone.ActiveCfg = Debug|Any CPU
		{B439865C-AF28-4E50-AAB8-D5F6B8D08A76}.Debug|iPhone.Build.0 = Debug|Any CPU
		{B439865C-AF28-4E50-AAB8-D5F6B8D08A76}.Debug|iPhoneSimulator.ActiveCfg = Debug|Any CPU
		{B439865C-AF28-4E50-AAB8-D5F6B8D08A76}.Debug|iPhoneSimulator.Build.0 = Debug|Any CPU
		{B439865C-AF28-4E50-AAB8-D5F6B8D08A76}.Debug|x64.ActiveCfg = Debug|Any CPU
		{B439865C-AF28-4E50-AAB8-D5F6B8D08A76}.Debug|x64.Build.0 = Debug|Any CPU
		{B439865C-AF28-4E50-AAB8-D5F6B8D08A76}.Debug|x86.ActiveCfg = Debug|Any CPU
		{B439865C-AF28-4E50-AAB8-D5F6B8D08A76}.Debug|x86.Build.0 = Debug|Any CPU
		{B439865C-AF28-4E50-AAB8-D5F6B8D08A76}.Release|Any CPU.ActiveCfg = Release|Any CPU
		{B439865C-AF28-4E50-AAB8-D5F6B8D08A76}.Release|Any CPU.Build.0 = Release|Any CPU
		{B439865C-AF28-4E50-AAB8-D5F6B8D08A76}.Release|ARM.ActiveCfg = Release|Any CPU
		{B439865C-AF28-4E50-AAB8-D5F6B8D08A76}.Release|ARM.Build.0 = Release|Any CPU
		{B439865C-AF28-4E50-AAB8-D5F6B8D08A76}.Release|iPhone.ActiveCfg = Release|Any CPU
		{B439865C-AF28-4E50-AAB8-D5F6B8D08A76}.Release|iPhone.Build.0 = Release|Any CPU
		{B439865C-AF28-4E50-AAB8-D5F6B8D08A76}.Release|iPhoneSimulator.ActiveCfg = Release|Any CPU
		{B439865C-AF28-4E50-AAB8-D5F6B8D08A76}.Release|iPhoneSimulator.Build.0 = Release|Any CPU
		{B439865C-AF28-4E50-AAB8-D5F6B8D08A76}.Release|x64.ActiveCfg = Release|Any CPU
		{B439865C-AF28-4E50-AAB8-D5F6B8D08A76}.Release|x64.Build.0 = Release|Any CPU
		{B439865C-AF28-4E50-AAB8-D5F6B8D08A76}.Release|x86.ActiveCfg = Release|Any CPU
		{B439865C-AF28-4E50-AAB8-D5F6B8D08A76}.Release|x86.Build.0 = Release|Any CPU
		{346DF17D-0194-428B-8D74-89A238ABCFAA}.Debug|Any CPU.ActiveCfg = Debug|Any CPU
		{346DF17D-0194-428B-8D74-89A238ABCFAA}.Debug|Any CPU.Build.0 = Debug|Any CPU
		{346DF17D-0194-428B-8D74-89A238ABCFAA}.Debug|ARM.ActiveCfg = Debug|Any CPU
		{346DF17D-0194-428B-8D74-89A238ABCFAA}.Debug|ARM.Build.0 = Debug|Any CPU
		{346DF17D-0194-428B-8D74-89A238ABCFAA}.Debug|iPhone.ActiveCfg = Debug|Any CPU
		{346DF17D-0194-428B-8D74-89A238ABCFAA}.Debug|iPhone.Build.0 = Debug|Any CPU
		{346DF17D-0194-428B-8D74-89A238ABCFAA}.Debug|iPhoneSimulator.ActiveCfg = Debug|Any CPU
		{346DF17D-0194-428B-8D74-89A238ABCFAA}.Debug|iPhoneSimulator.Build.0 = Debug|Any CPU
		{346DF17D-0194-428B-8D74-89A238ABCFAA}.Debug|x64.ActiveCfg = Debug|Any CPU
		{346DF17D-0194-428B-8D74-89A238ABCFAA}.Debug|x64.Build.0 = Debug|Any CPU
		{346DF17D-0194-428B-8D74-89A238ABCFAA}.Debug|x86.ActiveCfg = Debug|Any CPU
		{346DF17D-0194-428B-8D74-89A238ABCFAA}.Debug|x86.Build.0 = Debug|Any CPU
		{346DF17D-0194-428B-8D74-89A238ABCFAA}.Release|Any CPU.ActiveCfg = Release|Any CPU
		{346DF17D-0194-428B-8D74-89A238ABCFAA}.Release|Any CPU.Build.0 = Release|Any CPU
		{346DF17D-0194-428B-8D74-89A238ABCFAA}.Release|ARM.ActiveCfg = Release|Any CPU
		{346DF17D-0194-428B-8D74-89A238ABCFAA}.Release|ARM.Build.0 = Release|Any CPU
		{346DF17D-0194-428B-8D74-89A238ABCFAA}.Release|iPhone.ActiveCfg = Release|Any CPU
		{346DF17D-0194-428B-8D74-89A238ABCFAA}.Release|iPhone.Build.0 = Release|Any CPU
		{346DF17D-0194-428B-8D74-89A238ABCFAA}.Release|iPhoneSimulator.ActiveCfg = Release|Any CPU
		{346DF17D-0194-428B-8D74-89A238ABCFAA}.Release|iPhoneSimulator.Build.0 = Release|Any CPU
		{346DF17D-0194-428B-8D74-89A238ABCFAA}.Release|x64.ActiveCfg = Release|Any CPU
		{346DF17D-0194-428B-8D74-89A238ABCFAA}.Release|x64.Build.0 = Release|Any CPU
		{346DF17D-0194-428B-8D74-89A238ABCFAA}.Release|x86.ActiveCfg = Release|Any CPU
		{346DF17D-0194-428B-8D74-89A238ABCFAA}.Release|x86.Build.0 = Release|Any CPU
		{9D4013E3-482D-48BF-BC64-CC3A0C904427}.Debug|Any CPU.ActiveCfg = Debug|Any CPU
		{9D4013E3-482D-48BF-BC64-CC3A0C904427}.Debug|Any CPU.Build.0 = Debug|Any CPU
		{9D4013E3-482D-48BF-BC64-CC3A0C904427}.Debug|ARM.ActiveCfg = Debug|Any CPU
		{9D4013E3-482D-48BF-BC64-CC3A0C904427}.Debug|ARM.Build.0 = Debug|Any CPU
		{9D4013E3-482D-48BF-BC64-CC3A0C904427}.Debug|iPhone.ActiveCfg = Debug|Any CPU
		{9D4013E3-482D-48BF-BC64-CC3A0C904427}.Debug|iPhone.Build.0 = Debug|Any CPU
		{9D4013E3-482D-48BF-BC64-CC3A0C904427}.Debug|iPhoneSimulator.ActiveCfg = Debug|Any CPU
		{9D4013E3-482D-48BF-BC64-CC3A0C904427}.Debug|iPhoneSimulator.Build.0 = Debug|Any CPU
		{9D4013E3-482D-48BF-BC64-CC3A0C904427}.Debug|x64.ActiveCfg = Debug|Any CPU
		{9D4013E3-482D-48BF-BC64-CC3A0C904427}.Debug|x64.Build.0 = Debug|Any CPU
		{9D4013E3-482D-48BF-BC64-CC3A0C904427}.Debug|x86.ActiveCfg = Debug|Any CPU
		{9D4013E3-482D-48BF-BC64-CC3A0C904427}.Debug|x86.Build.0 = Debug|Any CPU
		{9D4013E3-482D-48BF-BC64-CC3A0C904427}.Release|Any CPU.ActiveCfg = Release|Any CPU
		{9D4013E3-482D-48BF-BC64-CC3A0C904427}.Release|Any CPU.Build.0 = Release|Any CPU
		{9D4013E3-482D-48BF-BC64-CC3A0C904427}.Release|ARM.ActiveCfg = Release|Any CPU
		{9D4013E3-482D-48BF-BC64-CC3A0C904427}.Release|ARM.Build.0 = Release|Any CPU
		{9D4013E3-482D-48BF-BC64-CC3A0C904427}.Release|iPhone.ActiveCfg = Release|Any CPU
		{9D4013E3-482D-48BF-BC64-CC3A0C904427}.Release|iPhone.Build.0 = Release|Any CPU
		{9D4013E3-482D-48BF-BC64-CC3A0C904427}.Release|iPhoneSimulator.ActiveCfg = Release|Any CPU
		{9D4013E3-482D-48BF-BC64-CC3A0C904427}.Release|iPhoneSimulator.Build.0 = Release|Any CPU
		{9D4013E3-482D-48BF-BC64-CC3A0C904427}.Release|x64.ActiveCfg = Release|Any CPU
		{9D4013E3-482D-48BF-BC64-CC3A0C904427}.Release|x64.Build.0 = Release|Any CPU
		{9D4013E3-482D-48BF-BC64-CC3A0C904427}.Release|x86.ActiveCfg = Release|Any CPU
		{9D4013E3-482D-48BF-BC64-CC3A0C904427}.Release|x86.Build.0 = Release|Any CPU
		{1A63B143-FB41-45B2-B173-12014E74106E}.Debug|Any CPU.ActiveCfg = Debug|Any CPU
		{1A63B143-FB41-45B2-B173-12014E74106E}.Debug|Any CPU.Build.0 = Debug|Any CPU
		{1A63B143-FB41-45B2-B173-12014E74106E}.Debug|ARM.ActiveCfg = Debug|Any CPU
		{1A63B143-FB41-45B2-B173-12014E74106E}.Debug|ARM.Build.0 = Debug|Any CPU
		{1A63B143-FB41-45B2-B173-12014E74106E}.Debug|iPhone.ActiveCfg = Debug|Any CPU
		{1A63B143-FB41-45B2-B173-12014E74106E}.Debug|iPhone.Build.0 = Debug|Any CPU
		{1A63B143-FB41-45B2-B173-12014E74106E}.Debug|iPhoneSimulator.ActiveCfg = Debug|Any CPU
		{1A63B143-FB41-45B2-B173-12014E74106E}.Debug|iPhoneSimulator.Build.0 = Debug|Any CPU
		{1A63B143-FB41-45B2-B173-12014E74106E}.Debug|x64.ActiveCfg = Debug|Any CPU
		{1A63B143-FB41-45B2-B173-12014E74106E}.Debug|x64.Build.0 = Debug|Any CPU
		{1A63B143-FB41-45B2-B173-12014E74106E}.Debug|x86.ActiveCfg = Debug|Any CPU
		{1A63B143-FB41-45B2-B173-12014E74106E}.Debug|x86.Build.0 = Debug|Any CPU
		{1A63B143-FB41-45B2-B173-12014E74106E}.Release|Any CPU.ActiveCfg = Release|Any CPU
		{1A63B143-FB41-45B2-B173-12014E74106E}.Release|Any CPU.Build.0 = Release|Any CPU
		{1A63B143-FB41-45B2-B173-12014E74106E}.Release|ARM.ActiveCfg = Release|Any CPU
		{1A63B143-FB41-45B2-B173-12014E74106E}.Release|ARM.Build.0 = Release|Any CPU
		{1A63B143-FB41-45B2-B173-12014E74106E}.Release|iPhone.ActiveCfg = Release|Any CPU
		{1A63B143-FB41-45B2-B173-12014E74106E}.Release|iPhone.Build.0 = Release|Any CPU
		{1A63B143-FB41-45B2-B173-12014E74106E}.Release|iPhoneSimulator.ActiveCfg = Release|Any CPU
		{1A63B143-FB41-45B2-B173-12014E74106E}.Release|iPhoneSimulator.Build.0 = Release|Any CPU
		{1A63B143-FB41-45B2-B173-12014E74106E}.Release|x64.ActiveCfg = Release|Any CPU
		{1A63B143-FB41-45B2-B173-12014E74106E}.Release|x64.Build.0 = Release|Any CPU
		{1A63B143-FB41-45B2-B173-12014E74106E}.Release|x86.ActiveCfg = Release|Any CPU
		{1A63B143-FB41-45B2-B173-12014E74106E}.Release|x86.Build.0 = Release|Any CPU
		{B575F8D6-0DE7-4A6D-97B5-56881EECFD36}.Debug|Any CPU.ActiveCfg = Debug|Any CPU
		{B575F8D6-0DE7-4A6D-97B5-56881EECFD36}.Debug|Any CPU.Build.0 = Debug|Any CPU
		{B575F8D6-0DE7-4A6D-97B5-56881EECFD36}.Debug|ARM.ActiveCfg = Debug|Any CPU
		{B575F8D6-0DE7-4A6D-97B5-56881EECFD36}.Debug|ARM.Build.0 = Debug|Any CPU
		{B575F8D6-0DE7-4A6D-97B5-56881EECFD36}.Debug|iPhone.ActiveCfg = Debug|Any CPU
		{B575F8D6-0DE7-4A6D-97B5-56881EECFD36}.Debug|iPhone.Build.0 = Debug|Any CPU
		{B575F8D6-0DE7-4A6D-97B5-56881EECFD36}.Debug|iPhoneSimulator.ActiveCfg = Debug|Any CPU
		{B575F8D6-0DE7-4A6D-97B5-56881EECFD36}.Debug|iPhoneSimulator.Build.0 = Debug|Any CPU
		{B575F8D6-0DE7-4A6D-97B5-56881EECFD36}.Debug|x64.ActiveCfg = Debug|Any CPU
		{B575F8D6-0DE7-4A6D-97B5-56881EECFD36}.Debug|x64.Build.0 = Debug|Any CPU
		{B575F8D6-0DE7-4A6D-97B5-56881EECFD36}.Debug|x86.ActiveCfg = Debug|Any CPU
		{B575F8D6-0DE7-4A6D-97B5-56881EECFD36}.Debug|x86.Build.0 = Debug|Any CPU
		{B575F8D6-0DE7-4A6D-97B5-56881EECFD36}.Release|Any CPU.ActiveCfg = Release|Any CPU
		{B575F8D6-0DE7-4A6D-97B5-56881EECFD36}.Release|Any CPU.Build.0 = Release|Any CPU
		{B575F8D6-0DE7-4A6D-97B5-56881EECFD36}.Release|ARM.ActiveCfg = Release|Any CPU
		{B575F8D6-0DE7-4A6D-97B5-56881EECFD36}.Release|ARM.Build.0 = Release|Any CPU
		{B575F8D6-0DE7-4A6D-97B5-56881EECFD36}.Release|iPhone.ActiveCfg = Release|Any CPU
		{B575F8D6-0DE7-4A6D-97B5-56881EECFD36}.Release|iPhone.Build.0 = Release|Any CPU
		{B575F8D6-0DE7-4A6D-97B5-56881EECFD36}.Release|iPhoneSimulator.ActiveCfg = Release|Any CPU
		{B575F8D6-0DE7-4A6D-97B5-56881EECFD36}.Release|iPhoneSimulator.Build.0 = Release|Any CPU
		{B575F8D6-0DE7-4A6D-97B5-56881EECFD36}.Release|x64.ActiveCfg = Release|Any CPU
		{B575F8D6-0DE7-4A6D-97B5-56881EECFD36}.Release|x64.Build.0 = Release|Any CPU
		{B575F8D6-0DE7-4A6D-97B5-56881EECFD36}.Release|x86.ActiveCfg = Release|Any CPU
		{B575F8D6-0DE7-4A6D-97B5-56881EECFD36}.Release|x86.Build.0 = Release|Any CPU
		{89ACD709-690F-4B8D-8E7A-3C64ED9D9E9C}.Debug|Any CPU.ActiveCfg = Debug|Any CPU
		{89ACD709-690F-4B8D-8E7A-3C64ED9D9E9C}.Debug|Any CPU.Build.0 = Debug|Any CPU
		{89ACD709-690F-4B8D-8E7A-3C64ED9D9E9C}.Debug|ARM.ActiveCfg = Debug|Any CPU
		{89ACD709-690F-4B8D-8E7A-3C64ED9D9E9C}.Debug|ARM.Build.0 = Debug|Any CPU
		{89ACD709-690F-4B8D-8E7A-3C64ED9D9E9C}.Debug|iPhone.ActiveCfg = Debug|Any CPU
		{89ACD709-690F-4B8D-8E7A-3C64ED9D9E9C}.Debug|iPhone.Build.0 = Debug|Any CPU
		{89ACD709-690F-4B8D-8E7A-3C64ED9D9E9C}.Debug|iPhoneSimulator.ActiveCfg = Debug|Any CPU
		{89ACD709-690F-4B8D-8E7A-3C64ED9D9E9C}.Debug|iPhoneSimulator.Build.0 = Debug|Any CPU
		{89ACD709-690F-4B8D-8E7A-3C64ED9D9E9C}.Debug|x64.ActiveCfg = Debug|Any CPU
		{89ACD709-690F-4B8D-8E7A-3C64ED9D9E9C}.Debug|x64.Build.0 = Debug|Any CPU
		{89ACD709-690F-4B8D-8E7A-3C64ED9D9E9C}.Debug|x86.ActiveCfg = Debug|Any CPU
		{89ACD709-690F-4B8D-8E7A-3C64ED9D9E9C}.Debug|x86.Build.0 = Debug|Any CPU
		{89ACD709-690F-4B8D-8E7A-3C64ED9D9E9C}.Release|Any CPU.ActiveCfg = Release|Any CPU
		{89ACD709-690F-4B8D-8E7A-3C64ED9D9E9C}.Release|Any CPU.Build.0 = Release|Any CPU
		{89ACD709-690F-4B8D-8E7A-3C64ED9D9E9C}.Release|ARM.ActiveCfg = Release|Any CPU
		{89ACD709-690F-4B8D-8E7A-3C64ED9D9E9C}.Release|ARM.Build.0 = Release|Any CPU
		{89ACD709-690F-4B8D-8E7A-3C64ED9D9E9C}.Release|iPhone.ActiveCfg = Release|Any CPU
		{89ACD709-690F-4B8D-8E7A-3C64ED9D9E9C}.Release|iPhone.Build.0 = Release|Any CPU
		{89ACD709-690F-4B8D-8E7A-3C64ED9D9E9C}.Release|iPhoneSimulator.ActiveCfg = Release|Any CPU
		{89ACD709-690F-4B8D-8E7A-3C64ED9D9E9C}.Release|iPhoneSimulator.Build.0 = Release|Any CPU
		{89ACD709-690F-4B8D-8E7A-3C64ED9D9E9C}.Release|x64.ActiveCfg = Release|Any CPU
		{89ACD709-690F-4B8D-8E7A-3C64ED9D9E9C}.Release|x64.Build.0 = Release|Any CPU
		{89ACD709-690F-4B8D-8E7A-3C64ED9D9E9C}.Release|x86.ActiveCfg = Release|Any CPU
		{89ACD709-690F-4B8D-8E7A-3C64ED9D9E9C}.Release|x86.Build.0 = Release|Any CPU
		{9ADBF825-77F6-40D1-9D70-7ADBD9B8E339}.Debug|Any CPU.ActiveCfg = Debug|Any CPU
		{9ADBF825-77F6-40D1-9D70-7ADBD9B8E339}.Debug|Any CPU.Build.0 = Debug|Any CPU
		{9ADBF825-77F6-40D1-9D70-7ADBD9B8E339}.Debug|ARM.ActiveCfg = Debug|Any CPU
		{9ADBF825-77F6-40D1-9D70-7ADBD9B8E339}.Debug|ARM.Build.0 = Debug|Any CPU
		{9ADBF825-77F6-40D1-9D70-7ADBD9B8E339}.Debug|iPhone.ActiveCfg = Debug|Any CPU
		{9ADBF825-77F6-40D1-9D70-7ADBD9B8E339}.Debug|iPhone.Build.0 = Debug|Any CPU
		{9ADBF825-77F6-40D1-9D70-7ADBD9B8E339}.Debug|iPhoneSimulator.ActiveCfg = Debug|Any CPU
		{9ADBF825-77F6-40D1-9D70-7ADBD9B8E339}.Debug|iPhoneSimulator.Build.0 = Debug|Any CPU
		{9ADBF825-77F6-40D1-9D70-7ADBD9B8E339}.Debug|x64.ActiveCfg = Debug|Any CPU
		{9ADBF825-77F6-40D1-9D70-7ADBD9B8E339}.Debug|x64.Build.0 = Debug|Any CPU
		{9ADBF825-77F6-40D1-9D70-7ADBD9B8E339}.Debug|x86.ActiveCfg = Debug|Any CPU
		{9ADBF825-77F6-40D1-9D70-7ADBD9B8E339}.Debug|x86.Build.0 = Debug|Any CPU
		{9ADBF825-77F6-40D1-9D70-7ADBD9B8E339}.Release|Any CPU.ActiveCfg = Release|Any CPU
		{9ADBF825-77F6-40D1-9D70-7ADBD9B8E339}.Release|Any CPU.Build.0 = Release|Any CPU
		{9ADBF825-77F6-40D1-9D70-7ADBD9B8E339}.Release|ARM.ActiveCfg = Release|Any CPU
		{9ADBF825-77F6-40D1-9D70-7ADBD9B8E339}.Release|ARM.Build.0 = Release|Any CPU
		{9ADBF825-77F6-40D1-9D70-7ADBD9B8E339}.Release|iPhone.ActiveCfg = Release|Any CPU
		{9ADBF825-77F6-40D1-9D70-7ADBD9B8E339}.Release|iPhone.Build.0 = Release|Any CPU
		{9ADBF825-77F6-40D1-9D70-7ADBD9B8E339}.Release|iPhoneSimulator.ActiveCfg = Release|Any CPU
		{9ADBF825-77F6-40D1-9D70-7ADBD9B8E339}.Release|iPhoneSimulator.Build.0 = Release|Any CPU
		{9ADBF825-77F6-40D1-9D70-7ADBD9B8E339}.Release|x64.ActiveCfg = Release|Any CPU
		{9ADBF825-77F6-40D1-9D70-7ADBD9B8E339}.Release|x64.Build.0 = Release|Any CPU
		{9ADBF825-77F6-40D1-9D70-7ADBD9B8E339}.Release|x86.ActiveCfg = Release|Any CPU
		{9ADBF825-77F6-40D1-9D70-7ADBD9B8E339}.Release|x86.Build.0 = Release|Any CPU
		{FAB393A2-2F6C-4AAC-BC23-6234B8799E95}.Debug|Any CPU.ActiveCfg = Debug|Any CPU
		{FAB393A2-2F6C-4AAC-BC23-6234B8799E95}.Debug|Any CPU.Build.0 = Debug|Any CPU
		{FAB393A2-2F6C-4AAC-BC23-6234B8799E95}.Debug|ARM.ActiveCfg = Debug|Any CPU
		{FAB393A2-2F6C-4AAC-BC23-6234B8799E95}.Debug|ARM.Build.0 = Debug|Any CPU
		{FAB393A2-2F6C-4AAC-BC23-6234B8799E95}.Debug|iPhone.ActiveCfg = Debug|Any CPU
		{FAB393A2-2F6C-4AAC-BC23-6234B8799E95}.Debug|iPhone.Build.0 = Debug|Any CPU
		{FAB393A2-2F6C-4AAC-BC23-6234B8799E95}.Debug|iPhoneSimulator.ActiveCfg = Debug|Any CPU
		{FAB393A2-2F6C-4AAC-BC23-6234B8799E95}.Debug|iPhoneSimulator.Build.0 = Debug|Any CPU
		{FAB393A2-2F6C-4AAC-BC23-6234B8799E95}.Debug|x64.ActiveCfg = Debug|Any CPU
		{FAB393A2-2F6C-4AAC-BC23-6234B8799E95}.Debug|x64.Build.0 = Debug|Any CPU
		{FAB393A2-2F6C-4AAC-BC23-6234B8799E95}.Debug|x86.ActiveCfg = Debug|Any CPU
		{FAB393A2-2F6C-4AAC-BC23-6234B8799E95}.Debug|x86.Build.0 = Debug|Any CPU
		{FAB393A2-2F6C-4AAC-BC23-6234B8799E95}.Release|Any CPU.ActiveCfg = Release|Any CPU
		{FAB393A2-2F6C-4AAC-BC23-6234B8799E95}.Release|Any CPU.Build.0 = Release|Any CPU
		{FAB393A2-2F6C-4AAC-BC23-6234B8799E95}.Release|ARM.ActiveCfg = Release|Any CPU
		{FAB393A2-2F6C-4AAC-BC23-6234B8799E95}.Release|ARM.Build.0 = Release|Any CPU
		{FAB393A2-2F6C-4AAC-BC23-6234B8799E95}.Release|iPhone.ActiveCfg = Release|Any CPU
		{FAB393A2-2F6C-4AAC-BC23-6234B8799E95}.Release|iPhone.Build.0 = Release|Any CPU
		{FAB393A2-2F6C-4AAC-BC23-6234B8799E95}.Release|iPhoneSimulator.ActiveCfg = Release|Any CPU
		{FAB393A2-2F6C-4AAC-BC23-6234B8799E95}.Release|iPhoneSimulator.Build.0 = Release|Any CPU
		{FAB393A2-2F6C-4AAC-BC23-6234B8799E95}.Release|x64.ActiveCfg = Release|Any CPU
		{FAB393A2-2F6C-4AAC-BC23-6234B8799E95}.Release|x64.Build.0 = Release|Any CPU
		{FAB393A2-2F6C-4AAC-BC23-6234B8799E95}.Release|x86.ActiveCfg = Release|Any CPU
		{FAB393A2-2F6C-4AAC-BC23-6234B8799E95}.Release|x86.Build.0 = Release|Any CPU
		{BC96C7B4-6A9F-4F71-A4B2-1BA3D3252FCE}.Debug|Any CPU.ActiveCfg = Debug|Any CPU
		{BC96C7B4-6A9F-4F71-A4B2-1BA3D3252FCE}.Debug|Any CPU.Build.0 = Debug|Any CPU
		{BC96C7B4-6A9F-4F71-A4B2-1BA3D3252FCE}.Debug|ARM.ActiveCfg = Debug|Any CPU
		{BC96C7B4-6A9F-4F71-A4B2-1BA3D3252FCE}.Debug|ARM.Build.0 = Debug|Any CPU
		{BC96C7B4-6A9F-4F71-A4B2-1BA3D3252FCE}.Debug|iPhone.ActiveCfg = Debug|Any CPU
		{BC96C7B4-6A9F-4F71-A4B2-1BA3D3252FCE}.Debug|iPhone.Build.0 = Debug|Any CPU
		{BC96C7B4-6A9F-4F71-A4B2-1BA3D3252FCE}.Debug|iPhoneSimulator.ActiveCfg = Debug|Any CPU
		{BC96C7B4-6A9F-4F71-A4B2-1BA3D3252FCE}.Debug|iPhoneSimulator.Build.0 = Debug|Any CPU
		{BC96C7B4-6A9F-4F71-A4B2-1BA3D3252FCE}.Debug|x64.ActiveCfg = Debug|Any CPU
		{BC96C7B4-6A9F-4F71-A4B2-1BA3D3252FCE}.Debug|x64.Build.0 = Debug|Any CPU
		{BC96C7B4-6A9F-4F71-A4B2-1BA3D3252FCE}.Debug|x86.ActiveCfg = Debug|Any CPU
		{BC96C7B4-6A9F-4F71-A4B2-1BA3D3252FCE}.Debug|x86.Build.0 = Debug|Any CPU
		{BC96C7B4-6A9F-4F71-A4B2-1BA3D3252FCE}.Release|Any CPU.ActiveCfg = Release|Any CPU
		{BC96C7B4-6A9F-4F71-A4B2-1BA3D3252FCE}.Release|Any CPU.Build.0 = Release|Any CPU
		{BC96C7B4-6A9F-4F71-A4B2-1BA3D3252FCE}.Release|ARM.ActiveCfg = Release|Any CPU
		{BC96C7B4-6A9F-4F71-A4B2-1BA3D3252FCE}.Release|ARM.Build.0 = Release|Any CPU
		{BC96C7B4-6A9F-4F71-A4B2-1BA3D3252FCE}.Release|iPhone.ActiveCfg = Release|Any CPU
		{BC96C7B4-6A9F-4F71-A4B2-1BA3D3252FCE}.Release|iPhone.Build.0 = Release|Any CPU
		{BC96C7B4-6A9F-4F71-A4B2-1BA3D3252FCE}.Release|iPhoneSimulator.ActiveCfg = Release|Any CPU
		{BC96C7B4-6A9F-4F71-A4B2-1BA3D3252FCE}.Release|iPhoneSimulator.Build.0 = Release|Any CPU
		{BC96C7B4-6A9F-4F71-A4B2-1BA3D3252FCE}.Release|x64.ActiveCfg = Release|Any CPU
		{BC96C7B4-6A9F-4F71-A4B2-1BA3D3252FCE}.Release|x64.Build.0 = Release|Any CPU
		{BC96C7B4-6A9F-4F71-A4B2-1BA3D3252FCE}.Release|x86.ActiveCfg = Release|Any CPU
		{BC96C7B4-6A9F-4F71-A4B2-1BA3D3252FCE}.Release|x86.Build.0 = Release|Any CPU
		{D3A669A9-25CB-420E-9D8F-3A8F33C18F9C}.Debug|Any CPU.ActiveCfg = Debug|Any CPU
		{D3A669A9-25CB-420E-9D8F-3A8F33C18F9C}.Debug|Any CPU.Build.0 = Debug|Any CPU
		{D3A669A9-25CB-420E-9D8F-3A8F33C18F9C}.Debug|ARM.ActiveCfg = Debug|Any CPU
		{D3A669A9-25CB-420E-9D8F-3A8F33C18F9C}.Debug|ARM.Build.0 = Debug|Any CPU
		{D3A669A9-25CB-420E-9D8F-3A8F33C18F9C}.Debug|iPhone.ActiveCfg = Debug|Any CPU
		{D3A669A9-25CB-420E-9D8F-3A8F33C18F9C}.Debug|iPhone.Build.0 = Debug|Any CPU
		{D3A669A9-25CB-420E-9D8F-3A8F33C18F9C}.Debug|iPhoneSimulator.ActiveCfg = Debug|Any CPU
		{D3A669A9-25CB-420E-9D8F-3A8F33C18F9C}.Debug|iPhoneSimulator.Build.0 = Debug|Any CPU
		{D3A669A9-25CB-420E-9D8F-3A8F33C18F9C}.Debug|x64.ActiveCfg = Debug|Any CPU
		{D3A669A9-25CB-420E-9D8F-3A8F33C18F9C}.Debug|x64.Build.0 = Debug|Any CPU
		{D3A669A9-25CB-420E-9D8F-3A8F33C18F9C}.Debug|x86.ActiveCfg = Debug|Any CPU
		{D3A669A9-25CB-420E-9D8F-3A8F33C18F9C}.Debug|x86.Build.0 = Debug|Any CPU
		{D3A669A9-25CB-420E-9D8F-3A8F33C18F9C}.Release|Any CPU.ActiveCfg = Release|Any CPU
		{D3A669A9-25CB-420E-9D8F-3A8F33C18F9C}.Release|Any CPU.Build.0 = Release|Any CPU
		{D3A669A9-25CB-420E-9D8F-3A8F33C18F9C}.Release|ARM.ActiveCfg = Release|Any CPU
		{D3A669A9-25CB-420E-9D8F-3A8F33C18F9C}.Release|ARM.Build.0 = Release|Any CPU
		{D3A669A9-25CB-420E-9D8F-3A8F33C18F9C}.Release|iPhone.ActiveCfg = Release|Any CPU
		{D3A669A9-25CB-420E-9D8F-3A8F33C18F9C}.Release|iPhone.Build.0 = Release|Any CPU
		{D3A669A9-25CB-420E-9D8F-3A8F33C18F9C}.Release|iPhoneSimulator.ActiveCfg = Release|Any CPU
		{D3A669A9-25CB-420E-9D8F-3A8F33C18F9C}.Release|iPhoneSimulator.Build.0 = Release|Any CPU
		{D3A669A9-25CB-420E-9D8F-3A8F33C18F9C}.Release|x64.ActiveCfg = Release|Any CPU
		{D3A669A9-25CB-420E-9D8F-3A8F33C18F9C}.Release|x64.Build.0 = Release|Any CPU
		{D3A669A9-25CB-420E-9D8F-3A8F33C18F9C}.Release|x86.ActiveCfg = Release|Any CPU
		{D3A669A9-25CB-420E-9D8F-3A8F33C18F9C}.Release|x86.Build.0 = Release|Any CPU
		{AE658ED0-AF10-409D-924C-981A9F068994}.Debug|Any CPU.ActiveCfg = Debug|Any CPU
		{AE658ED0-AF10-409D-924C-981A9F068994}.Debug|Any CPU.Build.0 = Debug|Any CPU
		{AE658ED0-AF10-409D-924C-981A9F068994}.Debug|ARM.ActiveCfg = Debug|Any CPU
		{AE658ED0-AF10-409D-924C-981A9F068994}.Debug|ARM.Build.0 = Debug|Any CPU
		{AE658ED0-AF10-409D-924C-981A9F068994}.Debug|iPhone.ActiveCfg = Debug|Any CPU
		{AE658ED0-AF10-409D-924C-981A9F068994}.Debug|iPhone.Build.0 = Debug|Any CPU
		{AE658ED0-AF10-409D-924C-981A9F068994}.Debug|iPhoneSimulator.ActiveCfg = Debug|Any CPU
		{AE658ED0-AF10-409D-924C-981A9F068994}.Debug|iPhoneSimulator.Build.0 = Debug|Any CPU
		{AE658ED0-AF10-409D-924C-981A9F068994}.Debug|x64.ActiveCfg = Debug|Any CPU
		{AE658ED0-AF10-409D-924C-981A9F068994}.Debug|x64.Build.0 = Debug|Any CPU
		{AE658ED0-AF10-409D-924C-981A9F068994}.Debug|x86.ActiveCfg = Debug|Any CPU
		{AE658ED0-AF10-409D-924C-981A9F068994}.Debug|x86.Build.0 = Debug|Any CPU
		{AE658ED0-AF10-409D-924C-981A9F068994}.Release|Any CPU.ActiveCfg = Release|Any CPU
		{AE658ED0-AF10-409D-924C-981A9F068994}.Release|Any CPU.Build.0 = Release|Any CPU
		{AE658ED0-AF10-409D-924C-981A9F068994}.Release|ARM.ActiveCfg = Release|Any CPU
		{AE658ED0-AF10-409D-924C-981A9F068994}.Release|ARM.Build.0 = Release|Any CPU
		{AE658ED0-AF10-409D-924C-981A9F068994}.Release|iPhone.ActiveCfg = Release|Any CPU
		{AE658ED0-AF10-409D-924C-981A9F068994}.Release|iPhone.Build.0 = Release|Any CPU
		{AE658ED0-AF10-409D-924C-981A9F068994}.Release|iPhoneSimulator.ActiveCfg = Release|Any CPU
		{AE658ED0-AF10-409D-924C-981A9F068994}.Release|iPhoneSimulator.Build.0 = Release|Any CPU
		{AE658ED0-AF10-409D-924C-981A9F068994}.Release|x64.ActiveCfg = Release|Any CPU
		{AE658ED0-AF10-409D-924C-981A9F068994}.Release|x64.Build.0 = Release|Any CPU
		{AE658ED0-AF10-409D-924C-981A9F068994}.Release|x86.ActiveCfg = Release|Any CPU
		{AE658ED0-AF10-409D-924C-981A9F068994}.Release|x86.Build.0 = Release|Any CPU
		{CED51429-DF34-4D32-B24D-1F0DF2A4A782}.Debug|Any CPU.ActiveCfg = Debug|Any CPU
		{CED51429-DF34-4D32-B24D-1F0DF2A4A782}.Debug|Any CPU.Build.0 = Debug|Any CPU
		{CED51429-DF34-4D32-B24D-1F0DF2A4A782}.Debug|ARM.ActiveCfg = Debug|Any CPU
		{CED51429-DF34-4D32-B24D-1F0DF2A4A782}.Debug|ARM.Build.0 = Debug|Any CPU
		{CED51429-DF34-4D32-B24D-1F0DF2A4A782}.Debug|iPhone.ActiveCfg = Debug|Any CPU
		{CED51429-DF34-4D32-B24D-1F0DF2A4A782}.Debug|iPhone.Build.0 = Debug|Any CPU
		{CED51429-DF34-4D32-B24D-1F0DF2A4A782}.Debug|iPhoneSimulator.ActiveCfg = Debug|Any CPU
		{CED51429-DF34-4D32-B24D-1F0DF2A4A782}.Debug|iPhoneSimulator.Build.0 = Debug|Any CPU
		{CED51429-DF34-4D32-B24D-1F0DF2A4A782}.Debug|x64.ActiveCfg = Debug|Any CPU
		{CED51429-DF34-4D32-B24D-1F0DF2A4A782}.Debug|x64.Build.0 = Debug|Any CPU
		{CED51429-DF34-4D32-B24D-1F0DF2A4A782}.Debug|x86.ActiveCfg = Debug|Any CPU
		{CED51429-DF34-4D32-B24D-1F0DF2A4A782}.Debug|x86.Build.0 = Debug|Any CPU
		{CED51429-DF34-4D32-B24D-1F0DF2A4A782}.Release|Any CPU.ActiveCfg = Release|Any CPU
		{CED51429-DF34-4D32-B24D-1F0DF2A4A782}.Release|Any CPU.Build.0 = Release|Any CPU
		{CED51429-DF34-4D32-B24D-1F0DF2A4A782}.Release|ARM.ActiveCfg = Release|Any CPU
		{CED51429-DF34-4D32-B24D-1F0DF2A4A782}.Release|ARM.Build.0 = Release|Any CPU
		{CED51429-DF34-4D32-B24D-1F0DF2A4A782}.Release|iPhone.ActiveCfg = Release|Any CPU
		{CED51429-DF34-4D32-B24D-1F0DF2A4A782}.Release|iPhone.Build.0 = Release|Any CPU
		{CED51429-DF34-4D32-B24D-1F0DF2A4A782}.Release|iPhoneSimulator.ActiveCfg = Release|Any CPU
		{CED51429-DF34-4D32-B24D-1F0DF2A4A782}.Release|iPhoneSimulator.Build.0 = Release|Any CPU
		{CED51429-DF34-4D32-B24D-1F0DF2A4A782}.Release|x64.ActiveCfg = Release|Any CPU
		{CED51429-DF34-4D32-B24D-1F0DF2A4A782}.Release|x64.Build.0 = Release|Any CPU
		{CED51429-DF34-4D32-B24D-1F0DF2A4A782}.Release|x86.ActiveCfg = Release|Any CPU
		{CED51429-DF34-4D32-B24D-1F0DF2A4A782}.Release|x86.Build.0 = Release|Any CPU
		{337E00A7-86EC-4CED-A883-ECA44E88D1DB}.Debug|Any CPU.ActiveCfg = Debug|Any CPU
		{337E00A7-86EC-4CED-A883-ECA44E88D1DB}.Debug|Any CPU.Build.0 = Debug|Any CPU
		{337E00A7-86EC-4CED-A883-ECA44E88D1DB}.Debug|ARM.ActiveCfg = Debug|Any CPU
		{337E00A7-86EC-4CED-A883-ECA44E88D1DB}.Debug|ARM.Build.0 = Debug|Any CPU
		{337E00A7-86EC-4CED-A883-ECA44E88D1DB}.Debug|iPhone.ActiveCfg = Debug|Any CPU
		{337E00A7-86EC-4CED-A883-ECA44E88D1DB}.Debug|iPhone.Build.0 = Debug|Any CPU
		{337E00A7-86EC-4CED-A883-ECA44E88D1DB}.Debug|iPhoneSimulator.ActiveCfg = Debug|Any CPU
		{337E00A7-86EC-4CED-A883-ECA44E88D1DB}.Debug|iPhoneSimulator.Build.0 = Debug|Any CPU
		{337E00A7-86EC-4CED-A883-ECA44E88D1DB}.Debug|x64.ActiveCfg = Debug|Any CPU
		{337E00A7-86EC-4CED-A883-ECA44E88D1DB}.Debug|x64.Build.0 = Debug|Any CPU
		{337E00A7-86EC-4CED-A883-ECA44E88D1DB}.Debug|x86.ActiveCfg = Debug|Any CPU
		{337E00A7-86EC-4CED-A883-ECA44E88D1DB}.Debug|x86.Build.0 = Debug|Any CPU
		{337E00A7-86EC-4CED-A883-ECA44E88D1DB}.Release|Any CPU.ActiveCfg = Release|Any CPU
		{337E00A7-86EC-4CED-A883-ECA44E88D1DB}.Release|Any CPU.Build.0 = Release|Any CPU
		{337E00A7-86EC-4CED-A883-ECA44E88D1DB}.Release|ARM.ActiveCfg = Release|Any CPU
		{337E00A7-86EC-4CED-A883-ECA44E88D1DB}.Release|ARM.Build.0 = Release|Any CPU
		{337E00A7-86EC-4CED-A883-ECA44E88D1DB}.Release|iPhone.ActiveCfg = Release|Any CPU
		{337E00A7-86EC-4CED-A883-ECA44E88D1DB}.Release|iPhone.Build.0 = Release|Any CPU
		{337E00A7-86EC-4CED-A883-ECA44E88D1DB}.Release|iPhoneSimulator.ActiveCfg = Release|Any CPU
		{337E00A7-86EC-4CED-A883-ECA44E88D1DB}.Release|iPhoneSimulator.Build.0 = Release|Any CPU
		{337E00A7-86EC-4CED-A883-ECA44E88D1DB}.Release|x64.ActiveCfg = Release|Any CPU
		{337E00A7-86EC-4CED-A883-ECA44E88D1DB}.Release|x64.Build.0 = Release|Any CPU
		{337E00A7-86EC-4CED-A883-ECA44E88D1DB}.Release|x86.ActiveCfg = Release|Any CPU
		{337E00A7-86EC-4CED-A883-ECA44E88D1DB}.Release|x86.Build.0 = Release|Any CPU
		{6DC69336-BEF1-454D-B977-F9A164D30DB3}.Debug|Any CPU.ActiveCfg = Debug|Any CPU
		{6DC69336-BEF1-454D-B977-F9A164D30DB3}.Debug|Any CPU.Build.0 = Debug|Any CPU
		{6DC69336-BEF1-454D-B977-F9A164D30DB3}.Debug|ARM.ActiveCfg = Debug|Any CPU
		{6DC69336-BEF1-454D-B977-F9A164D30DB3}.Debug|ARM.Build.0 = Debug|Any CPU
		{6DC69336-BEF1-454D-B977-F9A164D30DB3}.Debug|iPhone.ActiveCfg = Debug|Any CPU
		{6DC69336-BEF1-454D-B977-F9A164D30DB3}.Debug|iPhone.Build.0 = Debug|Any CPU
		{6DC69336-BEF1-454D-B977-F9A164D30DB3}.Debug|iPhoneSimulator.ActiveCfg = Debug|Any CPU
		{6DC69336-BEF1-454D-B977-F9A164D30DB3}.Debug|iPhoneSimulator.Build.0 = Debug|Any CPU
		{6DC69336-BEF1-454D-B977-F9A164D30DB3}.Debug|x64.ActiveCfg = Debug|Any CPU
		{6DC69336-BEF1-454D-B977-F9A164D30DB3}.Debug|x64.Build.0 = Debug|Any CPU
		{6DC69336-BEF1-454D-B977-F9A164D30DB3}.Debug|x86.ActiveCfg = Debug|Any CPU
		{6DC69336-BEF1-454D-B977-F9A164D30DB3}.Debug|x86.Build.0 = Debug|Any CPU
		{6DC69336-BEF1-454D-B977-F9A164D30DB3}.Release|Any CPU.ActiveCfg = Release|Any CPU
		{6DC69336-BEF1-454D-B977-F9A164D30DB3}.Release|Any CPU.Build.0 = Release|Any CPU
		{6DC69336-BEF1-454D-B977-F9A164D30DB3}.Release|ARM.ActiveCfg = Release|Any CPU
		{6DC69336-BEF1-454D-B977-F9A164D30DB3}.Release|ARM.Build.0 = Release|Any CPU
		{6DC69336-BEF1-454D-B977-F9A164D30DB3}.Release|iPhone.ActiveCfg = Release|Any CPU
		{6DC69336-BEF1-454D-B977-F9A164D30DB3}.Release|iPhone.Build.0 = Release|Any CPU
		{6DC69336-BEF1-454D-B977-F9A164D30DB3}.Release|iPhoneSimulator.ActiveCfg = Release|Any CPU
		{6DC69336-BEF1-454D-B977-F9A164D30DB3}.Release|iPhoneSimulator.Build.0 = Release|Any CPU
		{6DC69336-BEF1-454D-B977-F9A164D30DB3}.Release|x64.ActiveCfg = Release|Any CPU
		{6DC69336-BEF1-454D-B977-F9A164D30DB3}.Release|x64.Build.0 = Release|Any CPU
		{6DC69336-BEF1-454D-B977-F9A164D30DB3}.Release|x86.ActiveCfg = Release|Any CPU
		{6DC69336-BEF1-454D-B977-F9A164D30DB3}.Release|x86.Build.0 = Release|Any CPU
		{CA8A89C7-6B3A-4B96-97A2-BC0607D3BC38}.Debug|Any CPU.ActiveCfg = Debug|Any CPU
		{CA8A89C7-6B3A-4B96-97A2-BC0607D3BC38}.Debug|Any CPU.Build.0 = Debug|Any CPU
		{CA8A89C7-6B3A-4B96-97A2-BC0607D3BC38}.Debug|ARM.ActiveCfg = Debug|Any CPU
		{CA8A89C7-6B3A-4B96-97A2-BC0607D3BC38}.Debug|ARM.Build.0 = Debug|Any CPU
		{CA8A89C7-6B3A-4B96-97A2-BC0607D3BC38}.Debug|iPhone.ActiveCfg = Debug|Any CPU
		{CA8A89C7-6B3A-4B96-97A2-BC0607D3BC38}.Debug|iPhone.Build.0 = Debug|Any CPU
		{CA8A89C7-6B3A-4B96-97A2-BC0607D3BC38}.Debug|iPhoneSimulator.ActiveCfg = Debug|Any CPU
		{CA8A89C7-6B3A-4B96-97A2-BC0607D3BC38}.Debug|iPhoneSimulator.Build.0 = Debug|Any CPU
		{CA8A89C7-6B3A-4B96-97A2-BC0607D3BC38}.Debug|x64.ActiveCfg = Debug|Any CPU
		{CA8A89C7-6B3A-4B96-97A2-BC0607D3BC38}.Debug|x64.Build.0 = Debug|Any CPU
		{CA8A89C7-6B3A-4B96-97A2-BC0607D3BC38}.Debug|x86.ActiveCfg = Debug|Any CPU
		{CA8A89C7-6B3A-4B96-97A2-BC0607D3BC38}.Debug|x86.Build.0 = Debug|Any CPU
		{CA8A89C7-6B3A-4B96-97A2-BC0607D3BC38}.Release|Any CPU.ActiveCfg = Release|Any CPU
		{CA8A89C7-6B3A-4B96-97A2-BC0607D3BC38}.Release|Any CPU.Build.0 = Release|Any CPU
		{CA8A89C7-6B3A-4B96-97A2-BC0607D3BC38}.Release|ARM.ActiveCfg = Release|Any CPU
		{CA8A89C7-6B3A-4B96-97A2-BC0607D3BC38}.Release|ARM.Build.0 = Release|Any CPU
		{CA8A89C7-6B3A-4B96-97A2-BC0607D3BC38}.Release|iPhone.ActiveCfg = Release|Any CPU
		{CA8A89C7-6B3A-4B96-97A2-BC0607D3BC38}.Release|iPhone.Build.0 = Release|Any CPU
		{CA8A89C7-6B3A-4B96-97A2-BC0607D3BC38}.Release|iPhoneSimulator.ActiveCfg = Release|Any CPU
		{CA8A89C7-6B3A-4B96-97A2-BC0607D3BC38}.Release|iPhoneSimulator.Build.0 = Release|Any CPU
		{CA8A89C7-6B3A-4B96-97A2-BC0607D3BC38}.Release|x64.ActiveCfg = Release|Any CPU
		{CA8A89C7-6B3A-4B96-97A2-BC0607D3BC38}.Release|x64.Build.0 = Release|Any CPU
		{CA8A89C7-6B3A-4B96-97A2-BC0607D3BC38}.Release|x86.ActiveCfg = Release|Any CPU
		{CA8A89C7-6B3A-4B96-97A2-BC0607D3BC38}.Release|x86.Build.0 = Release|Any CPU
		{D57A6C97-2044-460A-A45E-4B2219D6C54D}.Debug|Any CPU.ActiveCfg = Debug|Any CPU
		{D57A6C97-2044-460A-A45E-4B2219D6C54D}.Debug|Any CPU.Build.0 = Debug|Any CPU
		{D57A6C97-2044-460A-A45E-4B2219D6C54D}.Debug|ARM.ActiveCfg = Debug|Any CPU
		{D57A6C97-2044-460A-A45E-4B2219D6C54D}.Debug|ARM.Build.0 = Debug|Any CPU
		{D57A6C97-2044-460A-A45E-4B2219D6C54D}.Debug|iPhone.ActiveCfg = Debug|Any CPU
		{D57A6C97-2044-460A-A45E-4B2219D6C54D}.Debug|iPhone.Build.0 = Debug|Any CPU
		{D57A6C97-2044-460A-A45E-4B2219D6C54D}.Debug|iPhoneSimulator.ActiveCfg = Debug|Any CPU
		{D57A6C97-2044-460A-A45E-4B2219D6C54D}.Debug|iPhoneSimulator.Build.0 = Debug|Any CPU
		{D57A6C97-2044-460A-A45E-4B2219D6C54D}.Debug|x64.ActiveCfg = Debug|Any CPU
		{D57A6C97-2044-460A-A45E-4B2219D6C54D}.Debug|x64.Build.0 = Debug|Any CPU
		{D57A6C97-2044-460A-A45E-4B2219D6C54D}.Debug|x86.ActiveCfg = Debug|Any CPU
		{D57A6C97-2044-460A-A45E-4B2219D6C54D}.Debug|x86.Build.0 = Debug|Any CPU
		{D57A6C97-2044-460A-A45E-4B2219D6C54D}.Release|Any CPU.ActiveCfg = Release|Any CPU
		{D57A6C97-2044-460A-A45E-4B2219D6C54D}.Release|Any CPU.Build.0 = Release|Any CPU
		{D57A6C97-2044-460A-A45E-4B2219D6C54D}.Release|ARM.ActiveCfg = Release|Any CPU
		{D57A6C97-2044-460A-A45E-4B2219D6C54D}.Release|ARM.Build.0 = Release|Any CPU
		{D57A6C97-2044-460A-A45E-4B2219D6C54D}.Release|iPhone.ActiveCfg = Release|Any CPU
		{D57A6C97-2044-460A-A45E-4B2219D6C54D}.Release|iPhone.Build.0 = Release|Any CPU
		{D57A6C97-2044-460A-A45E-4B2219D6C54D}.Release|iPhoneSimulator.ActiveCfg = Release|Any CPU
		{D57A6C97-2044-460A-A45E-4B2219D6C54D}.Release|iPhoneSimulator.Build.0 = Release|Any CPU
		{D57A6C97-2044-460A-A45E-4B2219D6C54D}.Release|x64.ActiveCfg = Release|Any CPU
		{D57A6C97-2044-460A-A45E-4B2219D6C54D}.Release|x64.Build.0 = Release|Any CPU
		{D57A6C97-2044-460A-A45E-4B2219D6C54D}.Release|x86.ActiveCfg = Release|Any CPU
		{D57A6C97-2044-460A-A45E-4B2219D6C54D}.Release|x86.Build.0 = Release|Any CPU
		{808ABF19-0594-4846-8A10-E46D12DFD63B}.Debug|Any CPU.ActiveCfg = Debug|Any CPU
		{808ABF19-0594-4846-8A10-E46D12DFD63B}.Debug|Any CPU.Build.0 = Debug|Any CPU
		{808ABF19-0594-4846-8A10-E46D12DFD63B}.Debug|ARM.ActiveCfg = Debug|Any CPU
		{808ABF19-0594-4846-8A10-E46D12DFD63B}.Debug|ARM.Build.0 = Debug|Any CPU
		{808ABF19-0594-4846-8A10-E46D12DFD63B}.Debug|iPhone.ActiveCfg = Debug|Any CPU
		{808ABF19-0594-4846-8A10-E46D12DFD63B}.Debug|iPhone.Build.0 = Debug|Any CPU
		{808ABF19-0594-4846-8A10-E46D12DFD63B}.Debug|iPhoneSimulator.ActiveCfg = Debug|Any CPU
		{808ABF19-0594-4846-8A10-E46D12DFD63B}.Debug|iPhoneSimulator.Build.0 = Debug|Any CPU
		{808ABF19-0594-4846-8A10-E46D12DFD63B}.Debug|x64.ActiveCfg = Debug|Any CPU
		{808ABF19-0594-4846-8A10-E46D12DFD63B}.Debug|x64.Build.0 = Debug|Any CPU
		{808ABF19-0594-4846-8A10-E46D12DFD63B}.Debug|x86.ActiveCfg = Debug|Any CPU
		{808ABF19-0594-4846-8A10-E46D12DFD63B}.Debug|x86.Build.0 = Debug|Any CPU
		{808ABF19-0594-4846-8A10-E46D12DFD63B}.Release|Any CPU.ActiveCfg = Release|Any CPU
		{808ABF19-0594-4846-8A10-E46D12DFD63B}.Release|Any CPU.Build.0 = Release|Any CPU
		{808ABF19-0594-4846-8A10-E46D12DFD63B}.Release|ARM.ActiveCfg = Release|Any CPU
		{808ABF19-0594-4846-8A10-E46D12DFD63B}.Release|ARM.Build.0 = Release|Any CPU
		{808ABF19-0594-4846-8A10-E46D12DFD63B}.Release|iPhone.ActiveCfg = Release|Any CPU
		{808ABF19-0594-4846-8A10-E46D12DFD63B}.Release|iPhone.Build.0 = Release|Any CPU
		{808ABF19-0594-4846-8A10-E46D12DFD63B}.Release|iPhoneSimulator.ActiveCfg = Release|Any CPU
		{808ABF19-0594-4846-8A10-E46D12DFD63B}.Release|iPhoneSimulator.Build.0 = Release|Any CPU
		{808ABF19-0594-4846-8A10-E46D12DFD63B}.Release|x64.ActiveCfg = Release|Any CPU
		{808ABF19-0594-4846-8A10-E46D12DFD63B}.Release|x64.Build.0 = Release|Any CPU
		{808ABF19-0594-4846-8A10-E46D12DFD63B}.Release|x86.ActiveCfg = Release|Any CPU
		{808ABF19-0594-4846-8A10-E46D12DFD63B}.Release|x86.Build.0 = Release|Any CPU
		{18DC4B86-C870-497B-967A-4976E1AE5D27}.Debug|Any CPU.ActiveCfg = Debug|Any CPU
		{18DC4B86-C870-497B-967A-4976E1AE5D27}.Debug|Any CPU.Build.0 = Debug|Any CPU
		{18DC4B86-C870-497B-967A-4976E1AE5D27}.Debug|ARM.ActiveCfg = Debug|Any CPU
		{18DC4B86-C870-497B-967A-4976E1AE5D27}.Debug|ARM.Build.0 = Debug|Any CPU
		{18DC4B86-C870-497B-967A-4976E1AE5D27}.Debug|iPhone.ActiveCfg = Debug|Any CPU
		{18DC4B86-C870-497B-967A-4976E1AE5D27}.Debug|iPhone.Build.0 = Debug|Any CPU
		{18DC4B86-C870-497B-967A-4976E1AE5D27}.Debug|iPhoneSimulator.ActiveCfg = Debug|Any CPU
		{18DC4B86-C870-497B-967A-4976E1AE5D27}.Debug|iPhoneSimulator.Build.0 = Debug|Any CPU
		{18DC4B86-C870-497B-967A-4976E1AE5D27}.Debug|x64.ActiveCfg = Debug|Any CPU
		{18DC4B86-C870-497B-967A-4976E1AE5D27}.Debug|x64.Build.0 = Debug|Any CPU
		{18DC4B86-C870-497B-967A-4976E1AE5D27}.Debug|x86.ActiveCfg = Debug|Any CPU
		{18DC4B86-C870-497B-967A-4976E1AE5D27}.Debug|x86.Build.0 = Debug|Any CPU
		{18DC4B86-C870-497B-967A-4976E1AE5D27}.Release|Any CPU.ActiveCfg = Release|Any CPU
		{18DC4B86-C870-497B-967A-4976E1AE5D27}.Release|Any CPU.Build.0 = Release|Any CPU
		{18DC4B86-C870-497B-967A-4976E1AE5D27}.Release|ARM.ActiveCfg = Release|Any CPU
		{18DC4B86-C870-497B-967A-4976E1AE5D27}.Release|ARM.Build.0 = Release|Any CPU
		{18DC4B86-C870-497B-967A-4976E1AE5D27}.Release|iPhone.ActiveCfg = Release|Any CPU
		{18DC4B86-C870-497B-967A-4976E1AE5D27}.Release|iPhone.Build.0 = Release|Any CPU
		{18DC4B86-C870-497B-967A-4976E1AE5D27}.Release|iPhoneSimulator.ActiveCfg = Release|Any CPU
		{18DC4B86-C870-497B-967A-4976E1AE5D27}.Release|iPhoneSimulator.Build.0 = Release|Any CPU
		{18DC4B86-C870-497B-967A-4976E1AE5D27}.Release|x64.ActiveCfg = Release|Any CPU
		{18DC4B86-C870-497B-967A-4976E1AE5D27}.Release|x64.Build.0 = Release|Any CPU
		{18DC4B86-C870-497B-967A-4976E1AE5D27}.Release|x86.ActiveCfg = Release|Any CPU
		{18DC4B86-C870-497B-967A-4976E1AE5D27}.Release|x86.Build.0 = Release|Any CPU
		{9ADFE678-55F2-4E8F-9C72-8FC8F5270DA5}.Debug|Any CPU.ActiveCfg = Debug|Any CPU
		{9ADFE678-55F2-4E8F-9C72-8FC8F5270DA5}.Debug|Any CPU.Build.0 = Debug|Any CPU
		{9ADFE678-55F2-4E8F-9C72-8FC8F5270DA5}.Debug|ARM.ActiveCfg = Debug|Any CPU
		{9ADFE678-55F2-4E8F-9C72-8FC8F5270DA5}.Debug|ARM.Build.0 = Debug|Any CPU
		{9ADFE678-55F2-4E8F-9C72-8FC8F5270DA5}.Debug|iPhone.ActiveCfg = Debug|Any CPU
		{9ADFE678-55F2-4E8F-9C72-8FC8F5270DA5}.Debug|iPhone.Build.0 = Debug|Any CPU
		{9ADFE678-55F2-4E8F-9C72-8FC8F5270DA5}.Debug|iPhoneSimulator.ActiveCfg = Debug|Any CPU
		{9ADFE678-55F2-4E8F-9C72-8FC8F5270DA5}.Debug|iPhoneSimulator.Build.0 = Debug|Any CPU
		{9ADFE678-55F2-4E8F-9C72-8FC8F5270DA5}.Debug|x64.ActiveCfg = Debug|Any CPU
		{9ADFE678-55F2-4E8F-9C72-8FC8F5270DA5}.Debug|x64.Build.0 = Debug|Any CPU
		{9ADFE678-55F2-4E8F-9C72-8FC8F5270DA5}.Debug|x86.ActiveCfg = Debug|Any CPU
		{9ADFE678-55F2-4E8F-9C72-8FC8F5270DA5}.Debug|x86.Build.0 = Debug|Any CPU
		{9ADFE678-55F2-4E8F-9C72-8FC8F5270DA5}.Release|Any CPU.ActiveCfg = Release|Any CPU
		{9ADFE678-55F2-4E8F-9C72-8FC8F5270DA5}.Release|Any CPU.Build.0 = Release|Any CPU
		{9ADFE678-55F2-4E8F-9C72-8FC8F5270DA5}.Release|ARM.ActiveCfg = Release|Any CPU
		{9ADFE678-55F2-4E8F-9C72-8FC8F5270DA5}.Release|ARM.Build.0 = Release|Any CPU
		{9ADFE678-55F2-4E8F-9C72-8FC8F5270DA5}.Release|iPhone.ActiveCfg = Release|Any CPU
		{9ADFE678-55F2-4E8F-9C72-8FC8F5270DA5}.Release|iPhone.Build.0 = Release|Any CPU
		{9ADFE678-55F2-4E8F-9C72-8FC8F5270DA5}.Release|iPhoneSimulator.ActiveCfg = Release|Any CPU
		{9ADFE678-55F2-4E8F-9C72-8FC8F5270DA5}.Release|iPhoneSimulator.Build.0 = Release|Any CPU
		{9ADFE678-55F2-4E8F-9C72-8FC8F5270DA5}.Release|x64.ActiveCfg = Release|Any CPU
		{9ADFE678-55F2-4E8F-9C72-8FC8F5270DA5}.Release|x64.Build.0 = Release|Any CPU
		{9ADFE678-55F2-4E8F-9C72-8FC8F5270DA5}.Release|x86.ActiveCfg = Release|Any CPU
		{9ADFE678-55F2-4E8F-9C72-8FC8F5270DA5}.Release|x86.Build.0 = Release|Any CPU
		{5E0C6EDA-FBDF-412E-97C0-7060EAEEC6DB}.Debug|Any CPU.ActiveCfg = Debug|Any CPU
		{5E0C6EDA-FBDF-412E-97C0-7060EAEEC6DB}.Debug|Any CPU.Build.0 = Debug|Any CPU
		{5E0C6EDA-FBDF-412E-97C0-7060EAEEC6DB}.Debug|ARM.ActiveCfg = Debug|Any CPU
		{5E0C6EDA-FBDF-412E-97C0-7060EAEEC6DB}.Debug|ARM.Build.0 = Debug|Any CPU
		{5E0C6EDA-FBDF-412E-97C0-7060EAEEC6DB}.Debug|iPhone.ActiveCfg = Debug|Any CPU
		{5E0C6EDA-FBDF-412E-97C0-7060EAEEC6DB}.Debug|iPhone.Build.0 = Debug|Any CPU
		{5E0C6EDA-FBDF-412E-97C0-7060EAEEC6DB}.Debug|iPhoneSimulator.ActiveCfg = Debug|Any CPU
		{5E0C6EDA-FBDF-412E-97C0-7060EAEEC6DB}.Debug|iPhoneSimulator.Build.0 = Debug|Any CPU
		{5E0C6EDA-FBDF-412E-97C0-7060EAEEC6DB}.Debug|x64.ActiveCfg = Debug|Any CPU
		{5E0C6EDA-FBDF-412E-97C0-7060EAEEC6DB}.Debug|x64.Build.0 = Debug|Any CPU
		{5E0C6EDA-FBDF-412E-97C0-7060EAEEC6DB}.Debug|x86.ActiveCfg = Debug|Any CPU
		{5E0C6EDA-FBDF-412E-97C0-7060EAEEC6DB}.Debug|x86.Build.0 = Debug|Any CPU
		{5E0C6EDA-FBDF-412E-97C0-7060EAEEC6DB}.Release|Any CPU.ActiveCfg = Release|Any CPU
		{5E0C6EDA-FBDF-412E-97C0-7060EAEEC6DB}.Release|Any CPU.Build.0 = Release|Any CPU
		{5E0C6EDA-FBDF-412E-97C0-7060EAEEC6DB}.Release|ARM.ActiveCfg = Release|Any CPU
		{5E0C6EDA-FBDF-412E-97C0-7060EAEEC6DB}.Release|ARM.Build.0 = Release|Any CPU
		{5E0C6EDA-FBDF-412E-97C0-7060EAEEC6DB}.Release|iPhone.ActiveCfg = Release|Any CPU
		{5E0C6EDA-FBDF-412E-97C0-7060EAEEC6DB}.Release|iPhone.Build.0 = Release|Any CPU
		{5E0C6EDA-FBDF-412E-97C0-7060EAEEC6DB}.Release|iPhoneSimulator.ActiveCfg = Release|Any CPU
		{5E0C6EDA-FBDF-412E-97C0-7060EAEEC6DB}.Release|iPhoneSimulator.Build.0 = Release|Any CPU
		{5E0C6EDA-FBDF-412E-97C0-7060EAEEC6DB}.Release|x64.ActiveCfg = Release|Any CPU
		{5E0C6EDA-FBDF-412E-97C0-7060EAEEC6DB}.Release|x64.Build.0 = Release|Any CPU
		{5E0C6EDA-FBDF-412E-97C0-7060EAEEC6DB}.Release|x86.ActiveCfg = Release|Any CPU
		{5E0C6EDA-FBDF-412E-97C0-7060EAEEC6DB}.Release|x86.Build.0 = Release|Any CPU
		{9F48267E-76F5-4BBA-9C9C-70822E0BFA44}.Debug|Any CPU.ActiveCfg = Debug|Any CPU
		{9F48267E-76F5-4BBA-9C9C-70822E0BFA44}.Debug|Any CPU.Build.0 = Debug|Any CPU
		{9F48267E-76F5-4BBA-9C9C-70822E0BFA44}.Debug|ARM.ActiveCfg = Debug|Any CPU
		{9F48267E-76F5-4BBA-9C9C-70822E0BFA44}.Debug|ARM.Build.0 = Debug|Any CPU
		{9F48267E-76F5-4BBA-9C9C-70822E0BFA44}.Debug|iPhone.ActiveCfg = Debug|Any CPU
		{9F48267E-76F5-4BBA-9C9C-70822E0BFA44}.Debug|iPhone.Build.0 = Debug|Any CPU
		{9F48267E-76F5-4BBA-9C9C-70822E0BFA44}.Debug|iPhoneSimulator.ActiveCfg = Debug|Any CPU
		{9F48267E-76F5-4BBA-9C9C-70822E0BFA44}.Debug|iPhoneSimulator.Build.0 = Debug|Any CPU
		{9F48267E-76F5-4BBA-9C9C-70822E0BFA44}.Debug|x64.ActiveCfg = Debug|Any CPU
		{9F48267E-76F5-4BBA-9C9C-70822E0BFA44}.Debug|x64.Build.0 = Debug|Any CPU
		{9F48267E-76F5-4BBA-9C9C-70822E0BFA44}.Debug|x86.ActiveCfg = Debug|Any CPU
		{9F48267E-76F5-4BBA-9C9C-70822E0BFA44}.Debug|x86.Build.0 = Debug|Any CPU
		{9F48267E-76F5-4BBA-9C9C-70822E0BFA44}.Release|Any CPU.ActiveCfg = Release|Any CPU
		{9F48267E-76F5-4BBA-9C9C-70822E0BFA44}.Release|Any CPU.Build.0 = Release|Any CPU
		{9F48267E-76F5-4BBA-9C9C-70822E0BFA44}.Release|ARM.ActiveCfg = Release|Any CPU
		{9F48267E-76F5-4BBA-9C9C-70822E0BFA44}.Release|ARM.Build.0 = Release|Any CPU
		{9F48267E-76F5-4BBA-9C9C-70822E0BFA44}.Release|iPhone.ActiveCfg = Release|Any CPU
		{9F48267E-76F5-4BBA-9C9C-70822E0BFA44}.Release|iPhone.Build.0 = Release|Any CPU
		{9F48267E-76F5-4BBA-9C9C-70822E0BFA44}.Release|iPhoneSimulator.ActiveCfg = Release|Any CPU
		{9F48267E-76F5-4BBA-9C9C-70822E0BFA44}.Release|iPhoneSimulator.Build.0 = Release|Any CPU
		{9F48267E-76F5-4BBA-9C9C-70822E0BFA44}.Release|x64.ActiveCfg = Release|Any CPU
		{9F48267E-76F5-4BBA-9C9C-70822E0BFA44}.Release|x64.Build.0 = Release|Any CPU
		{9F48267E-76F5-4BBA-9C9C-70822E0BFA44}.Release|x86.ActiveCfg = Release|Any CPU
		{9F48267E-76F5-4BBA-9C9C-70822E0BFA44}.Release|x86.Build.0 = Release|Any CPU
		{8C085ECB-A123-4A12-9F48-B77463E0FCC5}.Debug|Any CPU.ActiveCfg = Debug|Any CPU
		{8C085ECB-A123-4A12-9F48-B77463E0FCC5}.Debug|Any CPU.Build.0 = Debug|Any CPU
		{8C085ECB-A123-4A12-9F48-B77463E0FCC5}.Debug|ARM.ActiveCfg = Debug|Any CPU
		{8C085ECB-A123-4A12-9F48-B77463E0FCC5}.Debug|ARM.Build.0 = Debug|Any CPU
		{8C085ECB-A123-4A12-9F48-B77463E0FCC5}.Debug|iPhone.ActiveCfg = Debug|Any CPU
		{8C085ECB-A123-4A12-9F48-B77463E0FCC5}.Debug|iPhone.Build.0 = Debug|Any CPU
		{8C085ECB-A123-4A12-9F48-B77463E0FCC5}.Debug|iPhoneSimulator.ActiveCfg = Debug|Any CPU
		{8C085ECB-A123-4A12-9F48-B77463E0FCC5}.Debug|iPhoneSimulator.Build.0 = Debug|Any CPU
		{8C085ECB-A123-4A12-9F48-B77463E0FCC5}.Debug|x64.ActiveCfg = Debug|Any CPU
		{8C085ECB-A123-4A12-9F48-B77463E0FCC5}.Debug|x64.Build.0 = Debug|Any CPU
		{8C085ECB-A123-4A12-9F48-B77463E0FCC5}.Debug|x86.ActiveCfg = Debug|Any CPU
		{8C085ECB-A123-4A12-9F48-B77463E0FCC5}.Debug|x86.Build.0 = Debug|Any CPU
		{8C085ECB-A123-4A12-9F48-B77463E0FCC5}.Release|Any CPU.ActiveCfg = Release|Any CPU
		{8C085ECB-A123-4A12-9F48-B77463E0FCC5}.Release|Any CPU.Build.0 = Release|Any CPU
		{8C085ECB-A123-4A12-9F48-B77463E0FCC5}.Release|ARM.ActiveCfg = Release|Any CPU
		{8C085ECB-A123-4A12-9F48-B77463E0FCC5}.Release|ARM.Build.0 = Release|Any CPU
		{8C085ECB-A123-4A12-9F48-B77463E0FCC5}.Release|iPhone.ActiveCfg = Release|Any CPU
		{8C085ECB-A123-4A12-9F48-B77463E0FCC5}.Release|iPhone.Build.0 = Release|Any CPU
		{8C085ECB-A123-4A12-9F48-B77463E0FCC5}.Release|iPhoneSimulator.ActiveCfg = Release|Any CPU
		{8C085ECB-A123-4A12-9F48-B77463E0FCC5}.Release|iPhoneSimulator.Build.0 = Release|Any CPU
		{8C085ECB-A123-4A12-9F48-B77463E0FCC5}.Release|x64.ActiveCfg = Release|Any CPU
		{8C085ECB-A123-4A12-9F48-B77463E0FCC5}.Release|x64.Build.0 = Release|Any CPU
		{8C085ECB-A123-4A12-9F48-B77463E0FCC5}.Release|x86.ActiveCfg = Release|Any CPU
		{8C085ECB-A123-4A12-9F48-B77463E0FCC5}.Release|x86.Build.0 = Release|Any CPU
		{381D7DF2-BA02-414E-B463-16E1F2D273BA}.Debug|Any CPU.ActiveCfg = Debug|Any CPU
		{381D7DF2-BA02-414E-B463-16E1F2D273BA}.Debug|Any CPU.Build.0 = Debug|Any CPU
		{381D7DF2-BA02-414E-B463-16E1F2D273BA}.Debug|ARM.ActiveCfg = Debug|Any CPU
		{381D7DF2-BA02-414E-B463-16E1F2D273BA}.Debug|ARM.Build.0 = Debug|Any CPU
		{381D7DF2-BA02-414E-B463-16E1F2D273BA}.Debug|iPhone.ActiveCfg = Debug|Any CPU
		{381D7DF2-BA02-414E-B463-16E1F2D273BA}.Debug|iPhone.Build.0 = Debug|Any CPU
		{381D7DF2-BA02-414E-B463-16E1F2D273BA}.Debug|iPhoneSimulator.ActiveCfg = Debug|Any CPU
		{381D7DF2-BA02-414E-B463-16E1F2D273BA}.Debug|iPhoneSimulator.Build.0 = Debug|Any CPU
		{381D7DF2-BA02-414E-B463-16E1F2D273BA}.Debug|x64.ActiveCfg = Debug|Any CPU
		{381D7DF2-BA02-414E-B463-16E1F2D273BA}.Debug|x64.Build.0 = Debug|Any CPU
		{381D7DF2-BA02-414E-B463-16E1F2D273BA}.Debug|x86.ActiveCfg = Debug|Any CPU
		{381D7DF2-BA02-414E-B463-16E1F2D273BA}.Debug|x86.Build.0 = Debug|Any CPU
		{381D7DF2-BA02-414E-B463-16E1F2D273BA}.Release|Any CPU.ActiveCfg = Release|Any CPU
		{381D7DF2-BA02-414E-B463-16E1F2D273BA}.Release|Any CPU.Build.0 = Release|Any CPU
		{381D7DF2-BA02-414E-B463-16E1F2D273BA}.Release|ARM.ActiveCfg = Release|Any CPU
		{381D7DF2-BA02-414E-B463-16E1F2D273BA}.Release|ARM.Build.0 = Release|Any CPU
		{381D7DF2-BA02-414E-B463-16E1F2D273BA}.Release|iPhone.ActiveCfg = Release|Any CPU
		{381D7DF2-BA02-414E-B463-16E1F2D273BA}.Release|iPhone.Build.0 = Release|Any CPU
		{381D7DF2-BA02-414E-B463-16E1F2D273BA}.Release|iPhoneSimulator.ActiveCfg = Release|Any CPU
		{381D7DF2-BA02-414E-B463-16E1F2D273BA}.Release|iPhoneSimulator.Build.0 = Release|Any CPU
		{381D7DF2-BA02-414E-B463-16E1F2D273BA}.Release|x64.ActiveCfg = Release|Any CPU
		{381D7DF2-BA02-414E-B463-16E1F2D273BA}.Release|x64.Build.0 = Release|Any CPU
		{381D7DF2-BA02-414E-B463-16E1F2D273BA}.Release|x86.ActiveCfg = Release|Any CPU
		{381D7DF2-BA02-414E-B463-16E1F2D273BA}.Release|x86.Build.0 = Release|Any CPU
		{71980E6A-D662-4183-920F-3AA6DF7B9FE0}.Debug|Any CPU.ActiveCfg = Debug|Any CPU
		{71980E6A-D662-4183-920F-3AA6DF7B9FE0}.Debug|Any CPU.Build.0 = Debug|Any CPU
		{71980E6A-D662-4183-920F-3AA6DF7B9FE0}.Debug|ARM.ActiveCfg = Debug|Any CPU
		{71980E6A-D662-4183-920F-3AA6DF7B9FE0}.Debug|ARM.Build.0 = Debug|Any CPU
		{71980E6A-D662-4183-920F-3AA6DF7B9FE0}.Debug|iPhone.ActiveCfg = Debug|Any CPU
		{71980E6A-D662-4183-920F-3AA6DF7B9FE0}.Debug|iPhone.Build.0 = Debug|Any CPU
		{71980E6A-D662-4183-920F-3AA6DF7B9FE0}.Debug|iPhoneSimulator.ActiveCfg = Debug|Any CPU
		{71980E6A-D662-4183-920F-3AA6DF7B9FE0}.Debug|iPhoneSimulator.Build.0 = Debug|Any CPU
		{71980E6A-D662-4183-920F-3AA6DF7B9FE0}.Debug|x64.ActiveCfg = Debug|Any CPU
		{71980E6A-D662-4183-920F-3AA6DF7B9FE0}.Debug|x64.Build.0 = Debug|Any CPU
		{71980E6A-D662-4183-920F-3AA6DF7B9FE0}.Debug|x86.ActiveCfg = Debug|Any CPU
		{71980E6A-D662-4183-920F-3AA6DF7B9FE0}.Debug|x86.Build.0 = Debug|Any CPU
		{71980E6A-D662-4183-920F-3AA6DF7B9FE0}.Release|Any CPU.ActiveCfg = Release|Any CPU
		{71980E6A-D662-4183-920F-3AA6DF7B9FE0}.Release|Any CPU.Build.0 = Release|Any CPU
		{71980E6A-D662-4183-920F-3AA6DF7B9FE0}.Release|ARM.ActiveCfg = Release|Any CPU
		{71980E6A-D662-4183-920F-3AA6DF7B9FE0}.Release|ARM.Build.0 = Release|Any CPU
		{71980E6A-D662-4183-920F-3AA6DF7B9FE0}.Release|iPhone.ActiveCfg = Release|Any CPU
		{71980E6A-D662-4183-920F-3AA6DF7B9FE0}.Release|iPhone.Build.0 = Release|Any CPU
		{71980E6A-D662-4183-920F-3AA6DF7B9FE0}.Release|iPhoneSimulator.ActiveCfg = Release|Any CPU
		{71980E6A-D662-4183-920F-3AA6DF7B9FE0}.Release|iPhoneSimulator.Build.0 = Release|Any CPU
		{71980E6A-D662-4183-920F-3AA6DF7B9FE0}.Release|x64.ActiveCfg = Release|Any CPU
		{71980E6A-D662-4183-920F-3AA6DF7B9FE0}.Release|x64.Build.0 = Release|Any CPU
		{71980E6A-D662-4183-920F-3AA6DF7B9FE0}.Release|x86.ActiveCfg = Release|Any CPU
		{71980E6A-D662-4183-920F-3AA6DF7B9FE0}.Release|x86.Build.0 = Release|Any CPU
		{03E60910-3086-4D68-A8DE-1BA2B0CFF645}.Debug|Any CPU.ActiveCfg = Debug|Any CPU
		{03E60910-3086-4D68-A8DE-1BA2B0CFF645}.Debug|Any CPU.Build.0 = Debug|Any CPU
		{03E60910-3086-4D68-A8DE-1BA2B0CFF645}.Debug|ARM.ActiveCfg = Debug|Any CPU
		{03E60910-3086-4D68-A8DE-1BA2B0CFF645}.Debug|ARM.Build.0 = Debug|Any CPU
		{03E60910-3086-4D68-A8DE-1BA2B0CFF645}.Debug|iPhone.ActiveCfg = Debug|Any CPU
		{03E60910-3086-4D68-A8DE-1BA2B0CFF645}.Debug|iPhone.Build.0 = Debug|Any CPU
		{03E60910-3086-4D68-A8DE-1BA2B0CFF645}.Debug|iPhoneSimulator.ActiveCfg = Debug|Any CPU
		{03E60910-3086-4D68-A8DE-1BA2B0CFF645}.Debug|iPhoneSimulator.Build.0 = Debug|Any CPU
		{03E60910-3086-4D68-A8DE-1BA2B0CFF645}.Debug|x64.ActiveCfg = Debug|Any CPU
		{03E60910-3086-4D68-A8DE-1BA2B0CFF645}.Debug|x64.Build.0 = Debug|Any CPU
		{03E60910-3086-4D68-A8DE-1BA2B0CFF645}.Debug|x86.ActiveCfg = Debug|Any CPU
		{03E60910-3086-4D68-A8DE-1BA2B0CFF645}.Debug|x86.Build.0 = Debug|Any CPU
		{03E60910-3086-4D68-A8DE-1BA2B0CFF645}.Release|Any CPU.ActiveCfg = Release|Any CPU
		{03E60910-3086-4D68-A8DE-1BA2B0CFF645}.Release|Any CPU.Build.0 = Release|Any CPU
		{03E60910-3086-4D68-A8DE-1BA2B0CFF645}.Release|ARM.ActiveCfg = Release|Any CPU
		{03E60910-3086-4D68-A8DE-1BA2B0CFF645}.Release|ARM.Build.0 = Release|Any CPU
		{03E60910-3086-4D68-A8DE-1BA2B0CFF645}.Release|iPhone.ActiveCfg = Release|Any CPU
		{03E60910-3086-4D68-A8DE-1BA2B0CFF645}.Release|iPhone.Build.0 = Release|Any CPU
		{03E60910-3086-4D68-A8DE-1BA2B0CFF645}.Release|iPhoneSimulator.ActiveCfg = Release|Any CPU
		{03E60910-3086-4D68-A8DE-1BA2B0CFF645}.Release|iPhoneSimulator.Build.0 = Release|Any CPU
		{03E60910-3086-4D68-A8DE-1BA2B0CFF645}.Release|x64.ActiveCfg = Release|Any CPU
		{03E60910-3086-4D68-A8DE-1BA2B0CFF645}.Release|x64.Build.0 = Release|Any CPU
		{03E60910-3086-4D68-A8DE-1BA2B0CFF645}.Release|x86.ActiveCfg = Release|Any CPU
		{03E60910-3086-4D68-A8DE-1BA2B0CFF645}.Release|x86.Build.0 = Release|Any CPU
		{C4FB4AB6-8FFC-4DE8-9BF7-47DA0F44AC37}.Debug|Any CPU.ActiveCfg = Debug|Any CPU
		{C4FB4AB6-8FFC-4DE8-9BF7-47DA0F44AC37}.Debug|Any CPU.Build.0 = Debug|Any CPU
		{C4FB4AB6-8FFC-4DE8-9BF7-47DA0F44AC37}.Debug|ARM.ActiveCfg = Debug|Any CPU
		{C4FB4AB6-8FFC-4DE8-9BF7-47DA0F44AC37}.Debug|ARM.Build.0 = Debug|Any CPU
		{C4FB4AB6-8FFC-4DE8-9BF7-47DA0F44AC37}.Debug|iPhone.ActiveCfg = Debug|Any CPU
		{C4FB4AB6-8FFC-4DE8-9BF7-47DA0F44AC37}.Debug|iPhone.Build.0 = Debug|Any CPU
		{C4FB4AB6-8FFC-4DE8-9BF7-47DA0F44AC37}.Debug|iPhoneSimulator.ActiveCfg = Debug|Any CPU
		{C4FB4AB6-8FFC-4DE8-9BF7-47DA0F44AC37}.Debug|iPhoneSimulator.Build.0 = Debug|Any CPU
		{C4FB4AB6-8FFC-4DE8-9BF7-47DA0F44AC37}.Debug|x64.ActiveCfg = Debug|Any CPU
		{C4FB4AB6-8FFC-4DE8-9BF7-47DA0F44AC37}.Debug|x64.Build.0 = Debug|Any CPU
		{C4FB4AB6-8FFC-4DE8-9BF7-47DA0F44AC37}.Debug|x86.ActiveCfg = Debug|Any CPU
		{C4FB4AB6-8FFC-4DE8-9BF7-47DA0F44AC37}.Debug|x86.Build.0 = Debug|Any CPU
		{C4FB4AB6-8FFC-4DE8-9BF7-47DA0F44AC37}.Release|Any CPU.ActiveCfg = Release|Any CPU
		{C4FB4AB6-8FFC-4DE8-9BF7-47DA0F44AC37}.Release|Any CPU.Build.0 = Release|Any CPU
		{C4FB4AB6-8FFC-4DE8-9BF7-47DA0F44AC37}.Release|ARM.ActiveCfg = Release|Any CPU
		{C4FB4AB6-8FFC-4DE8-9BF7-47DA0F44AC37}.Release|ARM.Build.0 = Release|Any CPU
		{C4FB4AB6-8FFC-4DE8-9BF7-47DA0F44AC37}.Release|iPhone.ActiveCfg = Release|Any CPU
		{C4FB4AB6-8FFC-4DE8-9BF7-47DA0F44AC37}.Release|iPhone.Build.0 = Release|Any CPU
		{C4FB4AB6-8FFC-4DE8-9BF7-47DA0F44AC37}.Release|iPhoneSimulator.ActiveCfg = Release|Any CPU
		{C4FB4AB6-8FFC-4DE8-9BF7-47DA0F44AC37}.Release|iPhoneSimulator.Build.0 = Release|Any CPU
		{C4FB4AB6-8FFC-4DE8-9BF7-47DA0F44AC37}.Release|x64.ActiveCfg = Release|Any CPU
		{C4FB4AB6-8FFC-4DE8-9BF7-47DA0F44AC37}.Release|x64.Build.0 = Release|Any CPU
		{C4FB4AB6-8FFC-4DE8-9BF7-47DA0F44AC37}.Release|x86.ActiveCfg = Release|Any CPU
		{C4FB4AB6-8FFC-4DE8-9BF7-47DA0F44AC37}.Release|x86.Build.0 = Release|Any CPU
	EndGlobalSection
	GlobalSection(SolutionProperties) = preSolution
		HideSolutionNode = FALSE
	EndGlobalSection
	GlobalSection(NestedProjects) = preSolution
		{1F3302C4-C1E7-4B30-86D8-B3F304D0A21C} = {2BA44AED-AB33-4660-A420-107102B5DDA3}
		{70BBC752-5D12-498D-BCD9-AFECCE9C5964} = {23E9601C-6C1A-4D9E-8B3B-1C9B77008577}
		{336346E1-6F2C-4B44-A047-E39BBB3CC78F} = {817D600D-4A36-48B1-920C-EF31445C25F5}
		{24CE3C36-16B9-426D-AA0C-5961ECF8D88C} = {24CA16B8-30D7-4C3F-8BFA-99D6A84F6B64}
		{143A85EC-2D56-4E90-B5BA-C98C3DE95411} = {24CA16B8-30D7-4C3F-8BFA-99D6A84F6B64}
		{1CCEBC08-2953-4769-925C-DE4CB04DC514} = {24CA16B8-30D7-4C3F-8BFA-99D6A84F6B64}
		{19150B40-7500-4A34-A465-CF5126C191C5} = {24CA16B8-30D7-4C3F-8BFA-99D6A84F6B64}
		{A839C10F-E8EA-4453-9BD8-A556A5FC0405} = {24CA16B8-30D7-4C3F-8BFA-99D6A84F6B64}
		{A5064ACB-C7BA-4B57-8562-35AD2BB94E6D} = {446FED8B-0ED5-45C1-A5D1-E61BF61FC2D9}
		{B439865C-AF28-4E50-AAB8-D5F6B8D08A76} = {446FED8B-0ED5-45C1-A5D1-E61BF61FC2D9}
		{346DF17D-0194-428B-8D74-89A238ABCFAA} = {7C153F15-5735-457C-B156-D44C9A8076D9}
		{9D4013E3-482D-48BF-BC64-CC3A0C904427} = {7C153F15-5735-457C-B156-D44C9A8076D9}
		{1A63B143-FB41-45B2-B173-12014E74106E} = {2BA44AED-AB33-4660-A420-107102B5DDA3}
		{7C153F15-5735-457C-B156-D44C9A8076D9} = {A4853600-CE79-478A-A56F-AB73846795C2}
		{2BA44AED-AB33-4660-A420-107102B5DDA3} = {A4853600-CE79-478A-A56F-AB73846795C2}
		{056709A9-EB4F-401E-BD9F-AA7E40941B48} = {A4853600-CE79-478A-A56F-AB73846795C2}
		{9BC510A0-F579-41F4-9314-014832E51259} = {A4853600-CE79-478A-A56F-AB73846795C2}
		{B575F8D6-0DE7-4A6D-97B5-56881EECFD36} = {70E8503C-E87C-4591-9C59-52F192ED0901}
		{89ACD709-690F-4B8D-8E7A-3C64ED9D9E9C} = {70E8503C-E87C-4591-9C59-52F192ED0901}
		{9ADBF825-77F6-40D1-9D70-7ADBD9B8E339} = {70E8503C-E87C-4591-9C59-52F192ED0901}
		{FAB393A2-2F6C-4AAC-BC23-6234B8799E95} = {70E8503C-E87C-4591-9C59-52F192ED0901}
		{BC96C7B4-6A9F-4F71-A4B2-1BA3D3252FCE} = {70E8503C-E87C-4591-9C59-52F192ED0901}
		{D3A669A9-25CB-420E-9D8F-3A8F33C18F9C} = {70E8503C-E87C-4591-9C59-52F192ED0901}
		{70E8503C-E87C-4591-9C59-52F192ED0901} = {9BC510A0-F579-41F4-9314-014832E51259}
		{E65B48F0-85B2-4072-923C-D71115E7DDF4} = {9BC510A0-F579-41F4-9314-014832E51259}
		{D384885E-DFD7-4C3F-BBAB-58E3BBCE4682} = {9BC510A0-F579-41F4-9314-014832E51259}
		{AE658ED0-AF10-409D-924C-981A9F068994} = {CE047D5C-1EB0-4115-8ACD-9DA87EA9EB50}
		{CE047D5C-1EB0-4115-8ACD-9DA87EA9EB50} = {E65B48F0-85B2-4072-923C-D71115E7DDF4}
		{A42EEF3E-0251-4E3C-9D11-05157E624B83} = {E65B48F0-85B2-4072-923C-D71115E7DDF4}
		{BD999E86-B235-4B88-A7CF-BC8419BBBDAD} = {E65B48F0-85B2-4072-923C-D71115E7DDF4}
		{CED51429-DF34-4D32-B24D-1F0DF2A4A782} = {CE047D5C-1EB0-4115-8ACD-9DA87EA9EB50}
		{337E00A7-86EC-4CED-A883-ECA44E88D1DB} = {CE047D5C-1EB0-4115-8ACD-9DA87EA9EB50}
		{6DC69336-BEF1-454D-B977-F9A164D30DB3} = {CE047D5C-1EB0-4115-8ACD-9DA87EA9EB50}
		{CA8A89C7-6B3A-4B96-97A2-BC0607D3BC38} = {CE047D5C-1EB0-4115-8ACD-9DA87EA9EB50}
		{D57A6C97-2044-460A-A45E-4B2219D6C54D} = {CE047D5C-1EB0-4115-8ACD-9DA87EA9EB50}
		{808ABF19-0594-4846-8A10-E46D12DFD63B} = {3A504490-6C26-4316-8394-8623A7A47F9B}
		{18DC4B86-C870-497B-967A-4976E1AE5D27} = {3A504490-6C26-4316-8394-8623A7A47F9B}
		{9ADFE678-55F2-4E8F-9C72-8FC8F5270DA5} = {3A504490-6C26-4316-8394-8623A7A47F9B}
		{5E0C6EDA-FBDF-412E-97C0-7060EAEEC6DB} = {3A504490-6C26-4316-8394-8623A7A47F9B}
		{9F48267E-76F5-4BBA-9C9C-70822E0BFA44} = {3A504490-6C26-4316-8394-8623A7A47F9B}
		{8C085ECB-A123-4A12-9F48-B77463E0FCC5} = {3A504490-6C26-4316-8394-8623A7A47F9B}
		{3A504490-6C26-4316-8394-8623A7A47F9B} = {A42EEF3E-0251-4E3C-9D11-05157E624B83}
		{64BE5F94-7347-4B66-9EE6-AB14ECD4CA5D} = {A42EEF3E-0251-4E3C-9D11-05157E624B83}
		{381D7DF2-BA02-414E-B463-16E1F2D273BA} = {64BE5F94-7347-4B66-9EE6-AB14ECD4CA5D}
		{71980E6A-D662-4183-920F-3AA6DF7B9FE0} = {64BE5F94-7347-4B66-9EE6-AB14ECD4CA5D}
		{03E60910-3086-4D68-A8DE-1BA2B0CFF645} = {64BE5F94-7347-4B66-9EE6-AB14ECD4CA5D}
		{C4FB4AB6-8FFC-4DE8-9BF7-47DA0F44AC37} = {64BE5F94-7347-4B66-9EE6-AB14ECD4CA5D}
	EndGlobalSection
	GlobalSection(ExtensibilityGlobals) = postSolution
		SolutionGuid = {C76DE699-55C2-4DA9-82A0-D569DDB45D09}
	EndGlobalSection
EndGlobal
